// !$*UTF8*$!
{
	archiveVersion = 1;
	classes = {
	};
	objectVersion = 46;
	objects = {

/* Begin PBXBuildFile section */
		04A16D901D0183FE0063B508 /* Assets.xcassets in Resources */ = {isa = PBXBuildFile; fileRef = 04A16CB11D0183FE0063B508 /* Assets.xcassets */; };
		04A16D911D0183FE0063B508 /* Main.storyboard in Resources */ = {isa = PBXBuildFile; fileRef = 04A16CB21D0183FE0063B508 /* Main.storyboard */; };
		04A16D921D0183FE0063B508 /* CJDiscoverViewController.m in Sources */ = {isa = PBXBuildFile; fileRef = 04A16CB81D0183FE0063B508 /* CJDiscoverViewController.m */; };
		04A16D931D0183FE0063B508 /* CJSearchBar.m in Sources */ = {isa = PBXBuildFile; fileRef = 04A16CBC1D0183FE0063B508 /* CJSearchBar.m */; };
		04A16D941D0183FE0063B508 /* CJHomeViewController.m in Sources */ = {isa = PBXBuildFile; fileRef = 04A16CC01D0183FE0063B508 /* CJHomeViewController.m */; };
		04A16D951D0183FE0063B508 /* CJPhoto.m in Sources */ = {isa = PBXBuildFile; fileRef = 04A16CC31D0183FE0063B508 /* CJPhoto.m */; };
		04A16D961D0183FE0063B508 /* CJStatus.m in Sources */ = {isa = PBXBuildFile; fileRef = 04A16CC51D0183FE0063B508 /* CJStatus.m */; };
		04A16D971D0183FE0063B508 /* CJStatusFrame.m in Sources */ = {isa = PBXBuildFile; fileRef = 04A16CC71D0183FE0063B508 /* CJStatusFrame.m */; };
		04A16D981D0183FE0063B508 /* CJUser.m in Sources */ = {isa = PBXBuildFile; fileRef = 04A16CC91D0183FE0063B508 /* CJUser.m */; };
		04A16D991D0183FE0063B508 /* CJPhotosView.m in Sources */ = {isa = PBXBuildFile; fileRef = 04A16CCC1D0183FE0063B508 /* CJPhotosView.m */; };
		04A16D9A1D0183FE0063B508 /* CJPhotoView.m in Sources */ = {isa = PBXBuildFile; fileRef = 04A16CCE1D0183FE0063B508 /* CJPhotoView.m */; };
		04A16D9B1D0183FE0063B508 /* CJRetweetStatusView.m in Sources */ = {isa = PBXBuildFile; fileRef = 04A16CD01D0183FE0063B508 /* CJRetweetStatusView.m */; };
		04A16D9C1D0183FE0063B508 /* CJStatusCell.m in Sources */ = {isa = PBXBuildFile; fileRef = 04A16CD21D0183FE0063B508 /* CJStatusCell.m */; };
		04A16D9D1D0183FE0063B508 /* CJStatusToolbar.m in Sources */ = {isa = PBXBuildFile; fileRef = 04A16CD41D0183FE0063B508 /* CJStatusToolbar.m */; };
		04A16D9E1D0183FE0063B508 /* CJStatusTopView.m in Sources */ = {isa = PBXBuildFile; fileRef = 04A16CD61D0183FE0063B508 /* CJStatusTopView.m */; };
		04A16D9F1D0183FE0063B508 /* CJTitleButton.m in Sources */ = {isa = PBXBuildFile; fileRef = 04A16CD81D0183FE0063B508 /* CJTitleButton.m */; };
		04A16DA01D0183FE0063B508 /* CJNavigationController.m in Sources */ = {isa = PBXBuildFile; fileRef = 04A16CDC1D0183FE0063B508 /* CJNavigationController.m */; };
		04A16DA11D0183FE0063B508 /* CJTabBarViewController.m in Sources */ = {isa = PBXBuildFile; fileRef = 04A16CDE1D0183FE0063B508 /* CJTabBarViewController.m */; };
		04A16DA21D0183FE0063B508 /* CJBadgeButton.m in Sources */ = {isa = PBXBuildFile; fileRef = 04A16CE21D0183FE0063B508 /* CJBadgeButton.m */; };
		04A16DA31D0183FE0063B508 /* CJTabBar.m in Sources */ = {isa = PBXBuildFile; fileRef = 04A16CE41D0183FE0063B508 /* CJTabBar.m */; };
		04A16DA41D0183FE0063B508 /* CJTabBarButton.m in Sources */ = {isa = PBXBuildFile; fileRef = 04A16CE61D0183FE0063B508 /* CJTabBarButton.m */; };
		04A16DA51D0183FE0063B508 /* CJMeViewController.m in Sources */ = {isa = PBXBuildFile; fileRef = 04A16CEA1D0183FE0063B508 /* CJMeViewController.m */; };
		04A16DA61D0183FE0063B508 /* CJMessageViewController.m in Sources */ = {isa = PBXBuildFile; fileRef = 04A16CF01D0183FE0063B508 /* CJMessageViewController.m */; };
		04A16DA71D0183FE0063B508 /* CJNewfeatureViewController.m in Sources */ = {isa = PBXBuildFile; fileRef = 04A16CF61D0183FE0063B508 /* CJNewfeatureViewController.m */; };
		04A16DA81D0183FE0063B508 /* CJPageControl.m in Sources */ = {isa = PBXBuildFile; fileRef = 04A16CFA1D0183FE0063B508 /* CJPageControl.m */; };
		04A16DA91D0183FE0063B508 /* CJOAuthViewController.m in Sources */ = {isa = PBXBuildFile; fileRef = 04A16CFE1D0183FE0063B508 /* CJOAuthViewController.m */; };
		04A16DAA1D0183FE0063B508 /* CJAccountTool.m in Sources */ = {isa = PBXBuildFile; fileRef = 04A16D021D0183FE0063B508 /* CJAccountTool.m */; };
		04A16DAB1D0183FE0063B508 /* CJAccount.m in Sources */ = {isa = PBXBuildFile; fileRef = 04A16D051D0183FE0063B508 /* CJAccount.m */; };
		04A16DAC1D0183FE0063B508 /* AppDelegate.m in Sources */ = {isa = PBXBuildFile; fileRef = 04A16D081D0183FE0063B508 /* AppDelegate.m */; };
		04A16DAD1D0183FE0063B508 /* NSDate+CJ.m in Sources */ = {isa = PBXBuildFile; fileRef = 04A16D0B1D0183FE0063B508 /* NSDate+CJ.m */; };
		04A16DAE1D0183FE0063B508 /* UIBarButtonItem+CJ.m in Sources */ = {isa = PBXBuildFile; fileRef = 04A16D0D1D0183FE0063B508 /* UIBarButtonItem+CJ.m */; };
		04A16DAF1D0183FE0063B508 /* UIImage+CJ.m in Sources */ = {isa = PBXBuildFile; fileRef = 04A16D0F1D0183FE0063B508 /* UIImage+CJ.m */; };
		04A16DB01D0183FE0063B508 /* CJWeiboTool.m in Sources */ = {isa = PBXBuildFile; fileRef = 04A16D121D0183FE0063B508 /* CJWeiboTool.m */; };
		04A16DB11D0183FE0063B508 /* AFHTTPRequestOperation.m in Sources */ = {isa = PBXBuildFile; fileRef = 04A16D161D0183FE0063B508 /* AFHTTPRequestOperation.m */; };
		04A16DB21D0183FE0063B508 /* AFHTTPRequestOperationManager.m in Sources */ = {isa = PBXBuildFile; fileRef = 04A16D181D0183FE0063B508 /* AFHTTPRequestOperationManager.m */; };
		04A16DB31D0183FE0063B508 /* AFHTTPSessionManager.m in Sources */ = {isa = PBXBuildFile; fileRef = 04A16D1A1D0183FE0063B508 /* AFHTTPSessionManager.m */; };
		04A16DB41D0183FE0063B508 /* AFNetworkReachabilityManager.m in Sources */ = {isa = PBXBuildFile; fileRef = 04A16D1D1D0183FE0063B508 /* AFNetworkReachabilityManager.m */; };
		04A16DB51D0183FE0063B508 /* AFSecurityPolicy.m in Sources */ = {isa = PBXBuildFile; fileRef = 04A16D1F1D0183FE0063B508 /* AFSecurityPolicy.m */; };
		04A16DB61D0183FE0063B508 /* AFURLConnectionOperation.m in Sources */ = {isa = PBXBuildFile; fileRef = 04A16D211D0183FE0063B508 /* AFURLConnectionOperation.m */; };
		04A16DB71D0183FE0063B508 /* AFURLRequestSerialization.m in Sources */ = {isa = PBXBuildFile; fileRef = 04A16D231D0183FE0063B508 /* AFURLRequestSerialization.m */; };
		04A16DB81D0183FE0063B508 /* AFURLResponseSerialization.m in Sources */ = {isa = PBXBuildFile; fileRef = 04A16D251D0183FE0063B508 /* AFURLResponseSerialization.m */; };
		04A16DB91D0183FE0063B508 /* AFURLSessionManager.m in Sources */ = {isa = PBXBuildFile; fileRef = 04A16D271D0183FE0063B508 /* AFURLSessionManager.m */; };
		04A16DBA1D0183FE0063B508 /* MBProgressHUD+CJ.m in Sources */ = {isa = PBXBuildFile; fileRef = 04A16D2A1D0183FE0063B508 /* MBProgressHUD+CJ.m */; };
		04A16DBB1D0183FE0063B508 /* MBProgressHUD.bundle in Resources */ = {isa = PBXBuildFile; fileRef = 04A16D2B1D0183FE0063B508 /* MBProgressHUD.bundle */; };
		04A16DBC1D0183FE0063B508 /* MBProgressHUD.m in Sources */ = {isa = PBXBuildFile; fileRef = 04A16D2D1D0183FE0063B508 /* MBProgressHUD.m */; };
		04A16DBD1D0183FE0063B508 /* MJArgument.m in Sources */ = {isa = PBXBuildFile; fileRef = 04A16D301D0183FE0063B508 /* MJArgument.m */; };
		04A16DBE1D0183FE0063B508 /* MJIvar.m in Sources */ = {isa = PBXBuildFile; fileRef = 04A16D331D0183FE0063B508 /* MJIvar.m */; };
		04A16DBF1D0183FE0063B508 /* MJMember.m in Sources */ = {isa = PBXBuildFile; fileRef = 04A16D351D0183FE0063B508 /* MJMember.m */; };
		04A16DC01D0183FE0063B508 /* MJMethod.m in Sources */ = {isa = PBXBuildFile; fileRef = 04A16D371D0183FE0063B508 /* MJMethod.m */; };
		04A16DC11D0183FE0063B508 /* MJType.m in Sources */ = {isa = PBXBuildFile; fileRef = 04A16D391D0183FE0063B508 /* MJType.m */; };
		04A16DC21D0183FE0063B508 /* MJTypeEncoding.m in Sources */ = {isa = PBXBuildFile; fileRef = 04A16D3B1D0183FE0063B508 /* MJTypeEncoding.m */; };
		04A16DC31D0183FE0063B508 /* NSObject+MJCoding.m in Sources */ = {isa = PBXBuildFile; fileRef = 04A16D3D1D0183FE0063B508 /* NSObject+MJCoding.m */; };
		04A16DC41D0183FE0063B508 /* NSObject+MJKeyValue.m in Sources */ = {isa = PBXBuildFile; fileRef = 04A16D3F1D0183FE0063B508 /* NSObject+MJKeyValue.m */; };
		04A16DC51D0183FE0063B508 /* NSObject+MJMember.m in Sources */ = {isa = PBXBuildFile; fileRef = 04A16D411D0183FE0063B508 /* NSObject+MJMember.m */; };
		04A16DC61D0183FE0063B508 /* MJPhoto.m in Sources */ = {isa = PBXBuildFile; fileRef = 04A16D441D0183FE0063B508 /* MJPhoto.m */; };
		04A16DC71D0183FE0063B508 /* MJPhotoBrowser.bundle in Resources */ = {isa = PBXBuildFile; fileRef = 04A16D451D0183FE0063B508 /* MJPhotoBrowser.bundle */; };
		04A16DC81D0183FE0063B508 /* MJPhotoBrowser.m in Sources */ = {isa = PBXBuildFile; fileRef = 04A16D471D0183FE0063B508 /* MJPhotoBrowser.m */; };
		04A16DC91D0183FE0063B508 /* MJPhotoLoadingView.m in Sources */ = {isa = PBXBuildFile; fileRef = 04A16D491D0183FE0063B508 /* MJPhotoLoadingView.m */; };
		04A16DCA1D0183FE0063B508 /* MJPhotoProgressView.m in Sources */ = {isa = PBXBuildFile; fileRef = 04A16D4B1D0183FE0063B508 /* MJPhotoProgressView.m */; };
		04A16DCB1D0183FE0063B508 /* MJPhotoToolbar.m in Sources */ = {isa = PBXBuildFile; fileRef = 04A16D4D1D0183FE0063B508 /* MJPhotoToolbar.m */; };
		04A16DCC1D0183FE0063B508 /* MJPhotoView.m in Sources */ = {isa = PBXBuildFile; fileRef = 04A16D4F1D0183FE0063B508 /* MJPhotoView.m */; };
		04A16DCD1D0183FE0063B508 /* SDWebImageManager+MJ.m in Sources */ = {isa = PBXBuildFile; fileRef = 04A16D511D0183FE0063B508 /* SDWebImageManager+MJ.m */; };
		04A16DCE1D0183FE0063B508 /* MJRefresh.bundle in Resources */ = {isa = PBXBuildFile; fileRef = 04A16D531D0183FE0063B508 /* MJRefresh.bundle */; };
		04A16DCF1D0183FE0063B508 /* MJRefreshBaseView.m in Sources */ = {isa = PBXBuildFile; fileRef = 04A16D561D0183FE0063B508 /* MJRefreshBaseView.m */; };
		04A16DD01D0183FE0063B508 /* MJRefreshConst.m in Sources */ = {isa = PBXBuildFile; fileRef = 04A16D581D0183FE0063B508 /* MJRefreshConst.m */; };
		04A16DD11D0183FE0063B508 /* MJRefreshFooterView.m in Sources */ = {isa = PBXBuildFile; fileRef = 04A16D5A1D0183FE0063B508 /* MJRefreshFooterView.m */; };
		04A16DD21D0183FE0063B508 /* MJRefreshHeaderView.m in Sources */ = {isa = PBXBuildFile; fileRef = 04A16D5C1D0183FE0063B508 /* MJRefreshHeaderView.m */; };
		04A16DD31D0183FE0063B508 /* MKAnnotationView+WebCache.m in Sources */ = {isa = PBXBuildFile; fileRef = 04A16D5F1D0183FE0063B508 /* MKAnnotationView+WebCache.m */; };
		04A16DD41D0183FE0063B508 /* NSData+ImageContentType.m in Sources */ = {isa = PBXBuildFile; fileRef = 04A16D611D0183FE0063B508 /* NSData+ImageContentType.m */; };
		04A16DD51D0183FE0063B508 /* SDImageCache.m in Sources */ = {isa = PBXBuildFile; fileRef = 04A16D631D0183FE0063B508 /* SDImageCache.m */; };
		04A16DD61D0183FE0063B508 /* SDWebImageCompat.m in Sources */ = {isa = PBXBuildFile; fileRef = 04A16D651D0183FE0063B508 /* SDWebImageCompat.m */; };
		04A16DD71D0183FE0063B508 /* SDWebImageDecoder.m in Sources */ = {isa = PBXBuildFile; fileRef = 04A16D671D0183FE0063B508 /* SDWebImageDecoder.m */; };
		04A16DD81D0183FE0063B508 /* SDWebImageDownloader.m in Sources */ = {isa = PBXBuildFile; fileRef = 04A16D691D0183FE0063B508 /* SDWebImageDownloader.m */; };
		04A16DD91D0183FE0063B508 /* SDWebImageDownloaderOperation.m in Sources */ = {isa = PBXBuildFile; fileRef = 04A16D6B1D0183FE0063B508 /* SDWebImageDownloaderOperation.m */; };
		04A16DDA1D0183FE0063B508 /* SDWebImageManager.m in Sources */ = {isa = PBXBuildFile; fileRef = 04A16D6D1D0183FE0063B508 /* SDWebImageManager.m */; };
		04A16DDB1D0183FE0063B508 /* SDWebImagePrefetcher.m in Sources */ = {isa = PBXBuildFile; fileRef = 04A16D701D0183FE0063B508 /* SDWebImagePrefetcher.m */; };
		04A16DDC1D0183FE0063B508 /* UIButton+WebCache.m in Sources */ = {isa = PBXBuildFile; fileRef = 04A16D721D0183FE0063B508 /* UIButton+WebCache.m */; };
		04A16DDD1D0183FE0063B508 /* UIImage+GIF.m in Sources */ = {isa = PBXBuildFile; fileRef = 04A16D741D0183FE0063B508 /* UIImage+GIF.m */; };
		04A16DDE1D0183FE0063B508 /* UIImage+MultiFormat.m in Sources */ = {isa = PBXBuildFile; fileRef = 04A16D761D0183FE0063B508 /* UIImage+MultiFormat.m */; };
		04A16DDF1D0183FE0063B508 /* UIImage+WebP.m in Sources */ = {isa = PBXBuildFile; fileRef = 04A16D781D0183FE0063B508 /* UIImage+WebP.m */; };
		04A16DE01D0183FE0063B508 /* UIImageView+HighlightedWebCache.m in Sources */ = {isa = PBXBuildFile; fileRef = 04A16D7A1D0183FE0063B508 /* UIImageView+HighlightedWebCache.m */; };
		04A16DE11D0183FE0063B508 /* UIImageView+WebCache.m in Sources */ = {isa = PBXBuildFile; fileRef = 04A16D7C1D0183FE0063B508 /* UIImageView+WebCache.m */; };
		04A16DE21D0183FE0063B508 /* UIView+WebCacheOperation.m in Sources */ = {isa = PBXBuildFile; fileRef = 04A16D7E1D0183FE0063B508 /* UIView+WebCacheOperation.m */; };
		04A16DE31D0183FE0063B508 /* btn_close_normal.png in Resources */ = {isa = PBXBuildFile; fileRef = 04A16D801D0183FE0063B508 /* btn_close_normal.png */; };
		04A16DE41D0183FE0063B508 /* btn_close_normal@2x.png in Resources */ = {isa = PBXBuildFile; fileRef = 04A16D811D0183FE0063B508 /* btn_close_normal@2x.png */; };
		04A16DE51D0183FE0063B508 /* btn_close_selected.png in Resources */ = {isa = PBXBuildFile; fileRef = 04A16D821D0183FE0063B508 /* btn_close_selected.png */; };
		04A16DE61D0183FE0063B508 /* btn_close_selected@2x.png in Resources */ = {isa = PBXBuildFile; fileRef = 04A16D831D0183FE0063B508 /* btn_close_selected@2x.png */; };
		04A16DE71D0183FE0063B508 /* DXAlertView.m in Sources */ = {isa = PBXBuildFile; fileRef = 04A16D851D0183FE0063B508 /* DXAlertView.m */; };
		04A16DE81D0183FE0063B508 /* ViewController.m in Sources */ = {isa = PBXBuildFile; fileRef = 04A16D871D0183FE0063B508 /* ViewController.m */; };
		04A16DE91D0183FE0063B508 /* Info.plist in Resources */ = {isa = PBXBuildFile; fileRef = 04A16D881D0183FE0063B508 /* Info.plist */; };
		04A16DEA1D0183FE0063B508 /* LaunchScreen.storyboard in Resources */ = {isa = PBXBuildFile; fileRef = 04A16D8A1D0183FE0063B508 /* LaunchScreen.storyboard */; };
		04A16DEB1D0183FE0063B508 /* main.m in Sources */ = {isa = PBXBuildFile; fileRef = 04A16D8B1D0183FE0063B508 /* main.m */; };
		04A16DEC1D0183FE0063B508 /* new_feature_1-568h@2x.png in Resources */ = {isa = PBXBuildFile; fileRef = 04A16D8C1D0183FE0063B508 /* new_feature_1-568h@2x.png */; };
		04A16DED1D0183FE0063B508 /* new_feature_2-568h@2x.png in Resources */ = {isa = PBXBuildFile; fileRef = 04A16D8D1D0183FE0063B508 /* new_feature_2-568h@2x.png */; };
		04A16DEE1D0183FE0063B508 /* new_feature_3-568h@2x.png in Resources */ = {isa = PBXBuildFile; fileRef = 04A16D8E1D0183FE0063B508 /* new_feature_3-568h@2x.png */; };
		DD9D177D1CFE8CCF00C9B89F /* File3 in Resources */ = {isa = PBXBuildFile; fileRef = DD9D177C1CFE8CCF00C9B89F /* File3 */; };
		DD9D177F1CFE8D0100C9B89F /* Filewode5 in Resources */ = {isa = PBXBuildFile; fileRef = DD9D177E1CFE8D0100C9B89F /* Filewode5 */; };
		DDDEA7E81CF87D030056D76F /* File in Resources */ = {isa = PBXBuildFile; fileRef = DDDEA7E71CF87D030056D76F /* File */; };
		DDDEA7EA1CF87D950056D76F /* File2 in Resources */ = {isa = PBXBuildFile; fileRef = DDDEA7E91CF87D950056D76F /* File2 */; };
		DDDEA7F01CF87E630056D76F /* Filewode3 in Resources */ = {isa = PBXBuildFile; fileRef = DDDEA7EF1CF87E630056D76F /* Filewode3 */; };
		DDDEA7F21CF87E830056D76F /* Filewode4 in Resources */ = {isa = PBXBuildFile; fileRef = DDDEA7F11CF87E830056D76F /* Filewode4 */; };
		DDDEA7F51CF87EE10056D76F /* File_HomeController in Resources */ = {isa = PBXBuildFile; fileRef = DDDEA7F41CF87EE10056D76F /* File_HomeController */; };
		DDE5E05E1CF2AF1500359021 /* CJWeiboTests.m in Sources */ = {isa = PBXBuildFile; fileRef = DDE5E05D1CF2AF1500359021 /* CJWeiboTests.m */; };
		DDE5E0691CF2AF1500359021 /* CJWeiboUITests.m in Sources */ = {isa = PBXBuildFile; fileRef = DDE5E0681CF2AF1500359021 /* CJWeiboUITests.m */; };
/* End PBXBuildFile section */

/* Begin PBXContainerItemProxy section */
		DDE5E05A1CF2AF1500359021 /* PBXContainerItemProxy */ = {
			isa = PBXContainerItemProxy;
			containerPortal = DDE5E0381CF2AF1400359021 /* Project object */;
			proxyType = 1;
			remoteGlobalIDString = DDE5E03F1CF2AF1400359021;
			remoteInfo = CJWeibo;
		};
		DDE5E0651CF2AF1500359021 /* PBXContainerItemProxy */ = {
			isa = PBXContainerItemProxy;
			containerPortal = DDE5E0381CF2AF1400359021 /* Project object */;
			proxyType = 1;
			remoteGlobalIDString = DDE5E03F1CF2AF1400359021;
			remoteInfo = CJWeibo;
		};
/* End PBXContainerItemProxy section */

/* Begin PBXFileReference section */
		04A16CB11D0183FE0063B508 /* Assets.xcassets */ = {isa = PBXFileReference; lastKnownFileType = folder.assetcatalog; path = Assets.xcassets; sourceTree = "<group>"; };
		04A16CB31D0183FE0063B508 /* Base */ = {isa = PBXFileReference; lastKnownFileType = file.storyboard; name = Base; path = Base.lproj/Main.storyboard; sourceTree = "<group>"; };
		04A16CB71D0183FE0063B508 /* CJDiscoverViewController.h */ = {isa = PBXFileReference; fileEncoding = 4; lastKnownFileType = sourcecode.c.h; path = CJDiscoverViewController.h; sourceTree = "<group>"; };
		04A16CB81D0183FE0063B508 /* CJDiscoverViewController.m */ = {isa = PBXFileReference; fileEncoding = 4; lastKnownFileType = sourcecode.c.objc; path = CJDiscoverViewController.m; sourceTree = "<group>"; };
		04A16CBB1D0183FE0063B508 /* CJSearchBar.h */ = {isa = PBXFileReference; fileEncoding = 4; lastKnownFileType = sourcecode.c.h; path = CJSearchBar.h; sourceTree = "<group>"; };
		04A16CBC1D0183FE0063B508 /* CJSearchBar.m */ = {isa = PBXFileReference; fileEncoding = 4; lastKnownFileType = sourcecode.c.objc; lineEnding = 0; path = CJSearchBar.m; sourceTree = "<group>"; };
		04A16CBF1D0183FE0063B508 /* CJHomeViewController.h */ = {isa = PBXFileReference; fileEncoding = 4; lastKnownFileType = sourcecode.c.h; path = CJHomeViewController.h; sourceTree = "<group>"; };
		04A16CC01D0183FE0063B508 /* CJHomeViewController.m */ = {isa = PBXFileReference; fileEncoding = 4; lastKnownFileType = sourcecode.c.objc; path = CJHomeViewController.m; sourceTree = "<group>"; };
		04A16CC21D0183FE0063B508 /* CJPhoto.h */ = {isa = PBXFileReference; fileEncoding = 4; lastKnownFileType = sourcecode.c.h; path = CJPhoto.h; sourceTree = "<group>"; };
		04A16CC31D0183FE0063B508 /* CJPhoto.m */ = {isa = PBXFileReference; fileEncoding = 4; lastKnownFileType = sourcecode.c.objc; path = CJPhoto.m; sourceTree = "<group>"; };
		04A16CC41D0183FE0063B508 /* CJStatus.h */ = {isa = PBXFileReference; fileEncoding = 4; lastKnownFileType = sourcecode.c.h; path = CJStatus.h; sourceTree = "<group>"; };
		04A16CC51D0183FE0063B508 /* CJStatus.m */ = {isa = PBXFileReference; fileEncoding = 4; lastKnownFileType = sourcecode.c.objc; path = CJStatus.m; sourceTree = "<group>"; };
		04A16CC61D0183FE0063B508 /* CJStatusFrame.h */ = {isa = PBXFileReference; fileEncoding = 4; lastKnownFileType = sourcecode.c.h; path = CJStatusFrame.h; sourceTree = "<group>"; };
		04A16CC71D0183FE0063B508 /* CJStatusFrame.m */ = {isa = PBXFileReference; fileEncoding = 4; lastKnownFileType = sourcecode.c.objc; path = CJStatusFrame.m; sourceTree = "<group>"; };
		04A16CC81D0183FE0063B508 /* CJUser.h */ = {isa = PBXFileReference; fileEncoding = 4; lastKnownFileType = sourcecode.c.h; path = CJUser.h; sourceTree = "<group>"; };
		04A16CC91D0183FE0063B508 /* CJUser.m */ = {isa = PBXFileReference; fileEncoding = 4; lastKnownFileType = sourcecode.c.objc; path = CJUser.m; sourceTree = "<group>"; };
		04A16CCB1D0183FE0063B508 /* CJPhotosView.h */ = {isa = PBXFileReference; fileEncoding = 4; lastKnownFileType = sourcecode.c.h; path = CJPhotosView.h; sourceTree = "<group>"; };
		04A16CCC1D0183FE0063B508 /* CJPhotosView.m */ = {isa = PBXFileReference; fileEncoding = 4; lastKnownFileType = sourcecode.c.objc; path = CJPhotosView.m; sourceTree = "<group>"; };
		04A16CCD1D0183FE0063B508 /* CJPhotoView.h */ = {isa = PBXFileReference; fileEncoding = 4; lastKnownFileType = sourcecode.c.h; path = CJPhotoView.h; sourceTree = "<group>"; };
		04A16CCE1D0183FE0063B508 /* CJPhotoView.m */ = {isa = PBXFileReference; fileEncoding = 4; lastKnownFileType = sourcecode.c.objc; path = CJPhotoView.m; sourceTree = "<group>"; };
		04A16CCF1D0183FE0063B508 /* CJRetweetStatusView.h */ = {isa = PBXFileReference; fileEncoding = 4; lastKnownFileType = sourcecode.c.h; path = CJRetweetStatusView.h; sourceTree = "<group>"; };
		04A16CD01D0183FE0063B508 /* CJRetweetStatusView.m */ = {isa = PBXFileReference; fileEncoding = 4; lastKnownFileType = sourcecode.c.objc; path = CJRetweetStatusView.m; sourceTree = "<group>"; };
		04A16CD11D0183FE0063B508 /* CJStatusCell.h */ = {isa = PBXFileReference; fileEncoding = 4; lastKnownFileType = sourcecode.c.h; path = CJStatusCell.h; sourceTree = "<group>"; };
		04A16CD21D0183FE0063B508 /* CJStatusCell.m */ = {isa = PBXFileReference; fileEncoding = 4; lastKnownFileType = sourcecode.c.objc; path = CJStatusCell.m; sourceTree = "<group>"; };
		04A16CD31D0183FE0063B508 /* CJStatusToolbar.h */ = {isa = PBXFileReference; fileEncoding = 4; lastKnownFileType = sourcecode.c.h; path = CJStatusToolbar.h; sourceTree = "<group>"; };
		04A16CD41D0183FE0063B508 /* CJStatusToolbar.m */ = {isa = PBXFileReference; fileEncoding = 4; lastKnownFileType = sourcecode.c.objc; path = CJStatusToolbar.m; sourceTree = "<group>"; };
		04A16CD51D0183FE0063B508 /* CJStatusTopView.h */ = {isa = PBXFileReference; fileEncoding = 4; lastKnownFileType = sourcecode.c.h; path = CJStatusTopView.h; sourceTree = "<group>"; };
		04A16CD61D0183FE0063B508 /* CJStatusTopView.m */ = {isa = PBXFileReference; fileEncoding = 4; lastKnownFileType = sourcecode.c.objc; path = CJStatusTopView.m; sourceTree = "<group>"; };
		04A16CD71D0183FE0063B508 /* CJTitleButton.h */ = {isa = PBXFileReference; fileEncoding = 4; lastKnownFileType = sourcecode.c.h; path = CJTitleButton.h; sourceTree = "<group>"; };
		04A16CD81D0183FE0063B508 /* CJTitleButton.m */ = {isa = PBXFileReference; fileEncoding = 4; lastKnownFileType = sourcecode.c.objc; path = CJTitleButton.m; sourceTree = "<group>"; };
		04A16CDB1D0183FE0063B508 /* CJNavigationController.h */ = {isa = PBXFileReference; fileEncoding = 4; lastKnownFileType = sourcecode.c.h; path = CJNavigationController.h; sourceTree = "<group>"; };
		04A16CDC1D0183FE0063B508 /* CJNavigationController.m */ = {isa = PBXFileReference; fileEncoding = 4; lastKnownFileType = sourcecode.c.objc; path = CJNavigationController.m; sourceTree = "<group>"; };
		04A16CDD1D0183FE0063B508 /* CJTabBarViewController.h */ = {isa = PBXFileReference; fileEncoding = 4; lastKnownFileType = sourcecode.c.h; path = CJTabBarViewController.h; sourceTree = "<group>"; };
		04A16CDE1D0183FE0063B508 /* CJTabBarViewController.m */ = {isa = PBXFileReference; fileEncoding = 4; lastKnownFileType = sourcecode.c.objc; path = CJTabBarViewController.m; sourceTree = "<group>"; };
		04A16CE11D0183FE0063B508 /* CJBadgeButton.h */ = {isa = PBXFileReference; fileEncoding = 4; lastKnownFileType = sourcecode.c.h; path = CJBadgeButton.h; sourceTree = "<group>"; };
		04A16CE21D0183FE0063B508 /* CJBadgeButton.m */ = {isa = PBXFileReference; fileEncoding = 4; lastKnownFileType = sourcecode.c.objc; path = CJBadgeButton.m; sourceTree = "<group>"; };
		04A16CE31D0183FE0063B508 /* CJTabBar.h */ = {isa = PBXFileReference; fileEncoding = 4; lastKnownFileType = sourcecode.c.h; path = CJTabBar.h; sourceTree = "<group>"; };
		04A16CE41D0183FE0063B508 /* CJTabBar.m */ = {isa = PBXFileReference; fileEncoding = 4; lastKnownFileType = sourcecode.c.objc; path = CJTabBar.m; sourceTree = "<group>"; };
		04A16CE51D0183FE0063B508 /* CJTabBarButton.h */ = {isa = PBXFileReference; fileEncoding = 4; lastKnownFileType = sourcecode.c.h; path = CJTabBarButton.h; sourceTree = "<group>"; };
		04A16CE61D0183FE0063B508 /* CJTabBarButton.m */ = {isa = PBXFileReference; fileEncoding = 4; lastKnownFileType = sourcecode.c.objc; path = CJTabBarButton.m; sourceTree = "<group>"; };
		04A16CE91D0183FE0063B508 /* CJMeViewController.h */ = {isa = PBXFileReference; fileEncoding = 4; lastKnownFileType = sourcecode.c.h; path = CJMeViewController.h; sourceTree = "<group>"; };
		04A16CEA1D0183FE0063B508 /* CJMeViewController.m */ = {isa = PBXFileReference; fileEncoding = 4; lastKnownFileType = sourcecode.c.objc; path = CJMeViewController.m; sourceTree = "<group>"; };
		04A16CEF1D0183FE0063B508 /* CJMessageViewController.h */ = {isa = PBXFileReference; fileEncoding = 4; lastKnownFileType = sourcecode.c.h; path = CJMessageViewController.h; sourceTree = "<group>"; };
		04A16CF01D0183FE0063B508 /* CJMessageViewController.m */ = {isa = PBXFileReference; fileEncoding = 4; lastKnownFileType = sourcecode.c.objc; path = CJMessageViewController.m; sourceTree = "<group>"; };
		04A16CF51D0183FE0063B508 /* CJNewfeatureViewController.h */ = {isa = PBXFileReference; fileEncoding = 4; lastKnownFileType = sourcecode.c.h; path = CJNewfeatureViewController.h; sourceTree = "<group>"; };
		04A16CF61D0183FE0063B508 /* CJNewfeatureViewController.m */ = {isa = PBXFileReference; fileEncoding = 4; lastKnownFileType = sourcecode.c.objc; path = CJNewfeatureViewController.m; sourceTree = "<group>"; };
		04A16CF91D0183FE0063B508 /* CJPageControl.h */ = {isa = PBXFileReference; fileEncoding = 4; lastKnownFileType = sourcecode.c.h; path = CJPageControl.h; sourceTree = "<group>"; };
		04A16CFA1D0183FE0063B508 /* CJPageControl.m */ = {isa = PBXFileReference; fileEncoding = 4; lastKnownFileType = sourcecode.c.objc; path = CJPageControl.m; sourceTree = "<group>"; };
		04A16CFD1D0183FE0063B508 /* CJOAuthViewController.h */ = {isa = PBXFileReference; fileEncoding = 4; lastKnownFileType = sourcecode.c.h; path = CJOAuthViewController.h; sourceTree = "<group>"; };
		04A16CFE1D0183FE0063B508 /* CJOAuthViewController.m */ = {isa = PBXFileReference; fileEncoding = 4; lastKnownFileType = sourcecode.c.objc; path = CJOAuthViewController.m; sourceTree = "<group>"; };
		04A16D011D0183FE0063B508 /* CJAccountTool.h */ = {isa = PBXFileReference; fileEncoding = 4; lastKnownFileType = sourcecode.c.h; path = CJAccountTool.h; sourceTree = "<group>"; };
		04A16D021D0183FE0063B508 /* CJAccountTool.m */ = {isa = PBXFileReference; fileEncoding = 4; lastKnownFileType = sourcecode.c.objc; path = CJAccountTool.m; sourceTree = "<group>"; };
		04A16D041D0183FE0063B508 /* CJAccount.h */ = {isa = PBXFileReference; fileEncoding = 4; lastKnownFileType = sourcecode.c.h; path = CJAccount.h; sourceTree = "<group>"; };
		04A16D051D0183FE0063B508 /* CJAccount.m */ = {isa = PBXFileReference; fileEncoding = 4; lastKnownFileType = sourcecode.c.objc; path = CJAccount.m; sourceTree = "<group>"; };
		04A16D071D0183FE0063B508 /* AppDelegate.h */ = {isa = PBXFileReference; fileEncoding = 4; lastKnownFileType = sourcecode.c.h; path = AppDelegate.h; sourceTree = "<group>"; };
		04A16D081D0183FE0063B508 /* AppDelegate.m */ = {isa = PBXFileReference; fileEncoding = 4; lastKnownFileType = sourcecode.c.objc; path = AppDelegate.m; sourceTree = "<group>"; };
		04A16D0A1D0183FE0063B508 /* NSDate+CJ.h */ = {isa = PBXFileReference; fileEncoding = 4; lastKnownFileType = sourcecode.c.h; path = "NSDate+CJ.h"; sourceTree = "<group>"; };
		04A16D0B1D0183FE0063B508 /* NSDate+CJ.m */ = {isa = PBXFileReference; fileEncoding = 4; lastKnownFileType = sourcecode.c.objc; path = "NSDate+CJ.m"; sourceTree = "<group>"; };
		04A16D0C1D0183FE0063B508 /* UIBarButtonItem+CJ.h */ = {isa = PBXFileReference; fileEncoding = 4; lastKnownFileType = sourcecode.c.h; path = "UIBarButtonItem+CJ.h"; sourceTree = "<group>"; };
		04A16D0D1D0183FE0063B508 /* UIBarButtonItem+CJ.m */ = {isa = PBXFileReference; fileEncoding = 4; lastKnownFileType = sourcecode.c.objc; path = "UIBarButtonItem+CJ.m"; sourceTree = "<group>"; };
		04A16D0E1D0183FE0063B508 /* UIImage+CJ.h */ = {isa = PBXFileReference; fileEncoding = 4; lastKnownFileType = sourcecode.c.h; path = "UIImage+CJ.h"; sourceTree = "<group>"; };
		04A16D0F1D0183FE0063B508 /* UIImage+CJ.m */ = {isa = PBXFileReference; fileEncoding = 4; lastKnownFileType = sourcecode.c.objc; path = "UIImage+CJ.m"; sourceTree = "<group>"; };
		04A16D101D0183FE0063B508 /* CJCommon.h */ = {isa = PBXFileReference; fileEncoding = 4; lastKnownFileType = sourcecode.c.h; path = CJCommon.h; sourceTree = "<group>"; };
		04A16D111D0183FE0063B508 /* CJWeiboTool.h */ = {isa = PBXFileReference; fileEncoding = 4; lastKnownFileType = sourcecode.c.h; path = CJWeiboTool.h; sourceTree = "<group>"; };
		04A16D121D0183FE0063B508 /* CJWeiboTool.m */ = {isa = PBXFileReference; fileEncoding = 4; lastKnownFileType = sourcecode.c.objc; path = CJWeiboTool.m; sourceTree = "<group>"; };
		04A16D151D0183FE0063B508 /* AFHTTPRequestOperation.h */ = {isa = PBXFileReference; fileEncoding = 4; lastKnownFileType = sourcecode.c.h; path = AFHTTPRequestOperation.h; sourceTree = "<group>"; };
		04A16D161D0183FE0063B508 /* AFHTTPRequestOperation.m */ = {isa = PBXFileReference; fileEncoding = 4; lastKnownFileType = sourcecode.c.objc; path = AFHTTPRequestOperation.m; sourceTree = "<group>"; };
		04A16D171D0183FE0063B508 /* AFHTTPRequestOperationManager.h */ = {isa = PBXFileReference; fileEncoding = 4; lastKnownFileType = sourcecode.c.h; path = AFHTTPRequestOperationManager.h; sourceTree = "<group>"; };
		04A16D181D0183FE0063B508 /* AFHTTPRequestOperationManager.m */ = {isa = PBXFileReference; fileEncoding = 4; lastKnownFileType = sourcecode.c.objc; path = AFHTTPRequestOperationManager.m; sourceTree = "<group>"; };
		04A16D191D0183FE0063B508 /* AFHTTPSessionManager.h */ = {isa = PBXFileReference; fileEncoding = 4; lastKnownFileType = sourcecode.c.h; path = AFHTTPSessionManager.h; sourceTree = "<group>"; };
		04A16D1A1D0183FE0063B508 /* AFHTTPSessionManager.m */ = {isa = PBXFileReference; fileEncoding = 4; lastKnownFileType = sourcecode.c.objc; path = AFHTTPSessionManager.m; sourceTree = "<group>"; };
		04A16D1B1D0183FE0063B508 /* AFNetworking.h */ = {isa = PBXFileReference; fileEncoding = 4; lastKnownFileType = sourcecode.c.h; path = AFNetworking.h; sourceTree = "<group>"; };
		04A16D1C1D0183FE0063B508 /* AFNetworkReachabilityManager.h */ = {isa = PBXFileReference; fileEncoding = 4; lastKnownFileType = sourcecode.c.h; path = AFNetworkReachabilityManager.h; sourceTree = "<group>"; };
		04A16D1D1D0183FE0063B508 /* AFNetworkReachabilityManager.m */ = {isa = PBXFileReference; fileEncoding = 4; lastKnownFileType = sourcecode.c.objc; path = AFNetworkReachabilityManager.m; sourceTree = "<group>"; };
		04A16D1E1D0183FE0063B508 /* AFSecurityPolicy.h */ = {isa = PBXFileReference; fileEncoding = 4; lastKnownFileType = sourcecode.c.h; path = AFSecurityPolicy.h; sourceTree = "<group>"; };
		04A16D1F1D0183FE0063B508 /* AFSecurityPolicy.m */ = {isa = PBXFileReference; fileEncoding = 4; lastKnownFileType = sourcecode.c.objc; path = AFSecurityPolicy.m; sourceTree = "<group>"; };
		04A16D201D0183FE0063B508 /* AFURLConnectionOperation.h */ = {isa = PBXFileReference; fileEncoding = 4; lastKnownFileType = sourcecode.c.h; path = AFURLConnectionOperation.h; sourceTree = "<group>"; };
		04A16D211D0183FE0063B508 /* AFURLConnectionOperation.m */ = {isa = PBXFileReference; fileEncoding = 4; lastKnownFileType = sourcecode.c.objc; path = AFURLConnectionOperation.m; sourceTree = "<group>"; };
		04A16D221D0183FE0063B508 /* AFURLRequestSerialization.h */ = {isa = PBXFileReference; fileEncoding = 4; lastKnownFileType = sourcecode.c.h; path = AFURLRequestSerialization.h; sourceTree = "<group>"; };
		04A16D231D0183FE0063B508 /* AFURLRequestSerialization.m */ = {isa = PBXFileReference; fileEncoding = 4; lastKnownFileType = sourcecode.c.objc; path = AFURLRequestSerialization.m; sourceTree = "<group>"; };
		04A16D241D0183FE0063B508 /* AFURLResponseSerialization.h */ = {isa = PBXFileReference; fileEncoding = 4; lastKnownFileType = sourcecode.c.h; path = AFURLResponseSerialization.h; sourceTree = "<group>"; };
		04A16D251D0183FE0063B508 /* AFURLResponseSerialization.m */ = {isa = PBXFileReference; fileEncoding = 4; lastKnownFileType = sourcecode.c.objc; path = AFURLResponseSerialization.m; sourceTree = "<group>"; };
		04A16D261D0183FE0063B508 /* AFURLSessionManager.h */ = {isa = PBXFileReference; fileEncoding = 4; lastKnownFileType = sourcecode.c.h; path = AFURLSessionManager.h; sourceTree = "<group>"; };
		04A16D271D0183FE0063B508 /* AFURLSessionManager.m */ = {isa = PBXFileReference; fileEncoding = 4; lastKnownFileType = sourcecode.c.objc; path = AFURLSessionManager.m; sourceTree = "<group>"; };
		04A16D291D0183FE0063B508 /* MBProgressHUD+CJ.h */ = {isa = PBXFileReference; fileEncoding = 4; lastKnownFileType = sourcecode.c.h; path = "MBProgressHUD+CJ.h"; sourceTree = "<group>"; };
		04A16D2A1D0183FE0063B508 /* MBProgressHUD+CJ.m */ = {isa = PBXFileReference; fileEncoding = 4; lastKnownFileType = sourcecode.c.objc; path = "MBProgressHUD+CJ.m"; sourceTree = "<group>"; };
		04A16D2B1D0183FE0063B508 /* MBProgressHUD.bundle */ = {isa = PBXFileReference; lastKnownFileType = "wrapper.plug-in"; path = MBProgressHUD.bundle; sourceTree = "<group>"; };
		04A16D2C1D0183FE0063B508 /* MBProgressHUD.h */ = {isa = PBXFileReference; fileEncoding = 4; lastKnownFileType = sourcecode.c.h; path = MBProgressHUD.h; sourceTree = "<group>"; };
		04A16D2D1D0183FE0063B508 /* MBProgressHUD.m */ = {isa = PBXFileReference; fileEncoding = 4; lastKnownFileType = sourcecode.c.objc; path = MBProgressHUD.m; sourceTree = "<group>"; };
		04A16D2F1D0183FE0063B508 /* MJArgument.h */ = {isa = PBXFileReference; fileEncoding = 4; lastKnownFileType = sourcecode.c.h; path = MJArgument.h; sourceTree = "<group>"; };
		04A16D301D0183FE0063B508 /* MJArgument.m */ = {isa = PBXFileReference; fileEncoding = 4; lastKnownFileType = sourcecode.c.objc; path = MJArgument.m; sourceTree = "<group>"; };
		04A16D311D0183FE0063B508 /* MJExtension.h */ = {isa = PBXFileReference; fileEncoding = 4; lastKnownFileType = sourcecode.c.h; path = MJExtension.h; sourceTree = "<group>"; };
		04A16D321D0183FE0063B508 /* MJIvar.h */ = {isa = PBXFileReference; fileEncoding = 4; lastKnownFileType = sourcecode.c.h; path = MJIvar.h; sourceTree = "<group>"; };
		04A16D331D0183FE0063B508 /* MJIvar.m */ = {isa = PBXFileReference; fileEncoding = 4; lastKnownFileType = sourcecode.c.objc; path = MJIvar.m; sourceTree = "<group>"; };
		04A16D341D0183FE0063B508 /* MJMember.h */ = {isa = PBXFileReference; fileEncoding = 4; lastKnownFileType = sourcecode.c.h; path = MJMember.h; sourceTree = "<group>"; };
		04A16D351D0183FE0063B508 /* MJMember.m */ = {isa = PBXFileReference; fileEncoding = 4; lastKnownFileType = sourcecode.c.objc; path = MJMember.m; sourceTree = "<group>"; };
		04A16D361D0183FE0063B508 /* MJMethod.h */ = {isa = PBXFileReference; fileEncoding = 4; lastKnownFileType = sourcecode.c.h; path = MJMethod.h; sourceTree = "<group>"; };
		04A16D371D0183FE0063B508 /* MJMethod.m */ = {isa = PBXFileReference; fileEncoding = 4; lastKnownFileType = sourcecode.c.objc; path = MJMethod.m; sourceTree = "<group>"; };
		04A16D381D0183FE0063B508 /* MJType.h */ = {isa = PBXFileReference; fileEncoding = 4; lastKnownFileType = sourcecode.c.h; path = MJType.h; sourceTree = "<group>"; };
		04A16D391D0183FE0063B508 /* MJType.m */ = {isa = PBXFileReference; fileEncoding = 4; lastKnownFileType = sourcecode.c.objc; path = MJType.m; sourceTree = "<group>"; };
		04A16D3A1D0183FE0063B508 /* MJTypeEncoding.h */ = {isa = PBXFileReference; fileEncoding = 4; lastKnownFileType = sourcecode.c.h; path = MJTypeEncoding.h; sourceTree = "<group>"; };
		04A16D3B1D0183FE0063B508 /* MJTypeEncoding.m */ = {isa = PBXFileReference; fileEncoding = 4; lastKnownFileType = sourcecode.c.objc; path = MJTypeEncoding.m; sourceTree = "<group>"; };
		04A16D3C1D0183FE0063B508 /* NSObject+MJCoding.h */ = {isa = PBXFileReference; fileEncoding = 4; lastKnownFileType = sourcecode.c.h; path = "NSObject+MJCoding.h"; sourceTree = "<group>"; };
		04A16D3D1D0183FE0063B508 /* NSObject+MJCoding.m */ = {isa = PBXFileReference; fileEncoding = 4; lastKnownFileType = sourcecode.c.objc; path = "NSObject+MJCoding.m"; sourceTree = "<group>"; };
		04A16D3E1D0183FE0063B508 /* NSObject+MJKeyValue.h */ = {isa = PBXFileReference; fileEncoding = 4; lastKnownFileType = sourcecode.c.h; path = "NSObject+MJKeyValue.h"; sourceTree = "<group>"; };
		04A16D3F1D0183FE0063B508 /* NSObject+MJKeyValue.m */ = {isa = PBXFileReference; fileEncoding = 4; lastKnownFileType = sourcecode.c.objc; path = "NSObject+MJKeyValue.m"; sourceTree = "<group>"; };
		04A16D401D0183FE0063B508 /* NSObject+MJMember.h */ = {isa = PBXFileReference; fileEncoding = 4; lastKnownFileType = sourcecode.c.h; path = "NSObject+MJMember.h"; sourceTree = "<group>"; };
		04A16D411D0183FE0063B508 /* NSObject+MJMember.m */ = {isa = PBXFileReference; fileEncoding = 4; lastKnownFileType = sourcecode.c.objc; path = "NSObject+MJMember.m"; sourceTree = "<group>"; };
		04A16D431D0183FE0063B508 /* MJPhoto.h */ = {isa = PBXFileReference; fileEncoding = 4; lastKnownFileType = sourcecode.c.h; path = MJPhoto.h; sourceTree = "<group>"; };
		04A16D441D0183FE0063B508 /* MJPhoto.m */ = {isa = PBXFileReference; fileEncoding = 4; lastKnownFileType = sourcecode.c.objc; path = MJPhoto.m; sourceTree = "<group>"; };
		04A16D451D0183FE0063B508 /* MJPhotoBrowser.bundle */ = {isa = PBXFileReference; lastKnownFileType = "wrapper.plug-in"; path = MJPhotoBrowser.bundle; sourceTree = "<group>"; };
		04A16D461D0183FE0063B508 /* MJPhotoBrowser.h */ = {isa = PBXFileReference; fileEncoding = 4; lastKnownFileType = sourcecode.c.h; path = MJPhotoBrowser.h; sourceTree = "<group>"; };
		04A16D471D0183FE0063B508 /* MJPhotoBrowser.m */ = {isa = PBXFileReference; fileEncoding = 4; lastKnownFileType = sourcecode.c.objc; path = MJPhotoBrowser.m; sourceTree = "<group>"; };
		04A16D481D0183FE0063B508 /* MJPhotoLoadingView.h */ = {isa = PBXFileReference; fileEncoding = 4; lastKnownFileType = sourcecode.c.h; path = MJPhotoLoadingView.h; sourceTree = "<group>"; };
		04A16D491D0183FE0063B508 /* MJPhotoLoadingView.m */ = {isa = PBXFileReference; fileEncoding = 4; lastKnownFileType = sourcecode.c.objc; path = MJPhotoLoadingView.m; sourceTree = "<group>"; };
		04A16D4A1D0183FE0063B508 /* MJPhotoProgressView.h */ = {isa = PBXFileReference; fileEncoding = 4; lastKnownFileType = sourcecode.c.h; path = MJPhotoProgressView.h; sourceTree = "<group>"; };
		04A16D4B1D0183FE0063B508 /* MJPhotoProgressView.m */ = {isa = PBXFileReference; fileEncoding = 4; lastKnownFileType = sourcecode.c.objc; path = MJPhotoProgressView.m; sourceTree = "<group>"; };
		04A16D4C1D0183FE0063B508 /* MJPhotoToolbar.h */ = {isa = PBXFileReference; fileEncoding = 4; lastKnownFileType = sourcecode.c.h; path = MJPhotoToolbar.h; sourceTree = "<group>"; };
		04A16D4D1D0183FE0063B508 /* MJPhotoToolbar.m */ = {isa = PBXFileReference; fileEncoding = 4; lastKnownFileType = sourcecode.c.objc; path = MJPhotoToolbar.m; sourceTree = "<group>"; };
		04A16D4E1D0183FE0063B508 /* MJPhotoView.h */ = {isa = PBXFileReference; fileEncoding = 4; lastKnownFileType = sourcecode.c.h; path = MJPhotoView.h; sourceTree = "<group>"; };
		04A16D4F1D0183FE0063B508 /* MJPhotoView.m */ = {isa = PBXFileReference; fileEncoding = 4; lastKnownFileType = sourcecode.c.objc; path = MJPhotoView.m; sourceTree = "<group>"; };
		04A16D501D0183FE0063B508 /* SDWebImageManager+MJ.h */ = {isa = PBXFileReference; fileEncoding = 4; lastKnownFileType = sourcecode.c.h; path = "SDWebImageManager+MJ.h"; sourceTree = "<group>"; };
		04A16D511D0183FE0063B508 /* SDWebImageManager+MJ.m */ = {isa = PBXFileReference; fileEncoding = 4; lastKnownFileType = sourcecode.c.objc; path = "SDWebImageManager+MJ.m"; sourceTree = "<group>"; };
		04A16D531D0183FE0063B508 /* MJRefresh.bundle */ = {isa = PBXFileReference; lastKnownFileType = "wrapper.plug-in"; path = MJRefresh.bundle; sourceTree = "<group>"; };
		04A16D541D0183FE0063B508 /* MJRefresh.h */ = {isa = PBXFileReference; fileEncoding = 4; lastKnownFileType = sourcecode.c.h; path = MJRefresh.h; sourceTree = "<group>"; };
		04A16D551D0183FE0063B508 /* MJRefreshBaseView.h */ = {isa = PBXFileReference; fileEncoding = 4; lastKnownFileType = sourcecode.c.h; path = MJRefreshBaseView.h; sourceTree = "<group>"; };
		04A16D561D0183FE0063B508 /* MJRefreshBaseView.m */ = {isa = PBXFileReference; fileEncoding = 4; lastKnownFileType = sourcecode.c.objc; path = MJRefreshBaseView.m; sourceTree = "<group>"; };
		04A16D571D0183FE0063B508 /* MJRefreshConst.h */ = {isa = PBXFileReference; fileEncoding = 4; lastKnownFileType = sourcecode.c.h; path = MJRefreshConst.h; sourceTree = "<group>"; };
		04A16D581D0183FE0063B508 /* MJRefreshConst.m */ = {isa = PBXFileReference; fileEncoding = 4; lastKnownFileType = sourcecode.c.objc; path = MJRefreshConst.m; sourceTree = "<group>"; };
		04A16D591D0183FE0063B508 /* MJRefreshFooterView.h */ = {isa = PBXFileReference; fileEncoding = 4; lastKnownFileType = sourcecode.c.h; path = MJRefreshFooterView.h; sourceTree = "<group>"; };
		04A16D5A1D0183FE0063B508 /* MJRefreshFooterView.m */ = {isa = PBXFileReference; fileEncoding = 4; lastKnownFileType = sourcecode.c.objc; path = MJRefreshFooterView.m; sourceTree = "<group>"; };
		04A16D5B1D0183FE0063B508 /* MJRefreshHeaderView.h */ = {isa = PBXFileReference; fileEncoding = 4; lastKnownFileType = sourcecode.c.h; path = MJRefreshHeaderView.h; sourceTree = "<group>"; };
		04A16D5C1D0183FE0063B508 /* MJRefreshHeaderView.m */ = {isa = PBXFileReference; fileEncoding = 4; lastKnownFileType = sourcecode.c.objc; path = MJRefreshHeaderView.m; sourceTree = "<group>"; };
		04A16D5E1D0183FE0063B508 /* MKAnnotationView+WebCache.h */ = {isa = PBXFileReference; fileEncoding = 4; lastKnownFileType = sourcecode.c.h; path = "MKAnnotationView+WebCache.h"; sourceTree = "<group>"; };
		04A16D5F1D0183FE0063B508 /* MKAnnotationView+WebCache.m */ = {isa = PBXFileReference; fileEncoding = 4; lastKnownFileType = sourcecode.c.objc; path = "MKAnnotationView+WebCache.m"; sourceTree = "<group>"; };
		04A16D601D0183FE0063B508 /* NSData+ImageContentType.h */ = {isa = PBXFileReference; fileEncoding = 4; lastKnownFileType = sourcecode.c.h; path = "NSData+ImageContentType.h"; sourceTree = "<group>"; };
		04A16D611D0183FE0063B508 /* NSData+ImageContentType.m */ = {isa = PBXFileReference; fileEncoding = 4; lastKnownFileType = sourcecode.c.objc; path = "NSData+ImageContentType.m"; sourceTree = "<group>"; };
		04A16D621D0183FE0063B508 /* SDImageCache.h */ = {isa = PBXFileReference; fileEncoding = 4; lastKnownFileType = sourcecode.c.h; path = SDImageCache.h; sourceTree = "<group>"; };
		04A16D631D0183FE0063B508 /* SDImageCache.m */ = {isa = PBXFileReference; fileEncoding = 4; lastKnownFileType = sourcecode.c.objc; path = SDImageCache.m; sourceTree = "<group>"; };
		04A16D641D0183FE0063B508 /* SDWebImageCompat.h */ = {isa = PBXFileReference; fileEncoding = 4; lastKnownFileType = sourcecode.c.h; path = SDWebImageCompat.h; sourceTree = "<group>"; };
		04A16D651D0183FE0063B508 /* SDWebImageCompat.m */ = {isa = PBXFileReference; fileEncoding = 4; lastKnownFileType = sourcecode.c.objc; path = SDWebImageCompat.m; sourceTree = "<group>"; };
		04A16D661D0183FE0063B508 /* SDWebImageDecoder.h */ = {isa = PBXFileReference; fileEncoding = 4; lastKnownFileType = sourcecode.c.h; path = SDWebImageDecoder.h; sourceTree = "<group>"; };
		04A16D671D0183FE0063B508 /* SDWebImageDecoder.m */ = {isa = PBXFileReference; fileEncoding = 4; lastKnownFileType = sourcecode.c.objc; path = SDWebImageDecoder.m; sourceTree = "<group>"; };
		04A16D681D0183FE0063B508 /* SDWebImageDownloader.h */ = {isa = PBXFileReference; fileEncoding = 4; lastKnownFileType = sourcecode.c.h; path = SDWebImageDownloader.h; sourceTree = "<group>"; };
		04A16D691D0183FE0063B508 /* SDWebImageDownloader.m */ = {isa = PBXFileReference; fileEncoding = 4; lastKnownFileType = sourcecode.c.objc; path = SDWebImageDownloader.m; sourceTree = "<group>"; };
		04A16D6A1D0183FE0063B508 /* SDWebImageDownloaderOperation.h */ = {isa = PBXFileReference; fileEncoding = 4; lastKnownFileType = sourcecode.c.h; path = SDWebImageDownloaderOperation.h; sourceTree = "<group>"; };
		04A16D6B1D0183FE0063B508 /* SDWebImageDownloaderOperation.m */ = {isa = PBXFileReference; fileEncoding = 4; lastKnownFileType = sourcecode.c.objc; path = SDWebImageDownloaderOperation.m; sourceTree = "<group>"; };
		04A16D6C1D0183FE0063B508 /* SDWebImageManager.h */ = {isa = PBXFileReference; fileEncoding = 4; lastKnownFileType = sourcecode.c.h; path = SDWebImageManager.h; sourceTree = "<group>"; };
		04A16D6D1D0183FE0063B508 /* SDWebImageManager.m */ = {isa = PBXFileReference; fileEncoding = 4; lastKnownFileType = sourcecode.c.objc; path = SDWebImageManager.m; sourceTree = "<group>"; };
		04A16D6E1D0183FE0063B508 /* SDWebImageOperation.h */ = {isa = PBXFileReference; fileEncoding = 4; lastKnownFileType = sourcecode.c.h; path = SDWebImageOperation.h; sourceTree = "<group>"; };
		04A16D6F1D0183FE0063B508 /* SDWebImagePrefetcher.h */ = {isa = PBXFileReference; fileEncoding = 4; lastKnownFileType = sourcecode.c.h; path = SDWebImagePrefetcher.h; sourceTree = "<group>"; };
		04A16D701D0183FE0063B508 /* SDWebImagePrefetcher.m */ = {isa = PBXFileReference; fileEncoding = 4; lastKnownFileType = sourcecode.c.objc; path = SDWebImagePrefetcher.m; sourceTree = "<group>"; };
		04A16D711D0183FE0063B508 /* UIButton+WebCache.h */ = {isa = PBXFileReference; fileEncoding = 4; lastKnownFileType = sourcecode.c.h; path = "UIButton+WebCache.h"; sourceTree = "<group>"; };
		04A16D721D0183FE0063B508 /* UIButton+WebCache.m */ = {isa = PBXFileReference; fileEncoding = 4; lastKnownFileType = sourcecode.c.objc; path = "UIButton+WebCache.m"; sourceTree = "<group>"; };
		04A16D731D0183FE0063B508 /* UIImage+GIF.h */ = {isa = PBXFileReference; fileEncoding = 4; lastKnownFileType = sourcecode.c.h; path = "UIImage+GIF.h"; sourceTree = "<group>"; };
		04A16D741D0183FE0063B508 /* UIImage+GIF.m */ = {isa = PBXFileReference; fileEncoding = 4; lastKnownFileType = sourcecode.c.objc; path = "UIImage+GIF.m"; sourceTree = "<group>"; };
		04A16D751D0183FE0063B508 /* UIImage+MultiFormat.h */ = {isa = PBXFileReference; fileEncoding = 4; lastKnownFileType = sourcecode.c.h; path = "UIImage+MultiFormat.h"; sourceTree = "<group>"; };
		04A16D761D0183FE0063B508 /* UIImage+MultiFormat.m */ = {isa = PBXFileReference; fileEncoding = 4; lastKnownFileType = sourcecode.c.objc; path = "UIImage+MultiFormat.m"; sourceTree = "<group>"; };
		04A16D771D0183FE0063B508 /* UIImage+WebP.h */ = {isa = PBXFileReference; fileEncoding = 4; lastKnownFileType = sourcecode.c.h; path = "UIImage+WebP.h"; sourceTree = "<group>"; };
		04A16D781D0183FE0063B508 /* UIImage+WebP.m */ = {isa = PBXFileReference; fileEncoding = 4; lastKnownFileType = sourcecode.c.objc; path = "UIImage+WebP.m"; sourceTree = "<group>"; };
		04A16D791D0183FE0063B508 /* UIImageView+HighlightedWebCache.h */ = {isa = PBXFileReference; fileEncoding = 4; lastKnownFileType = sourcecode.c.h; path = "UIImageView+HighlightedWebCache.h"; sourceTree = "<group>"; };
		04A16D7A1D0183FE0063B508 /* UIImageView+HighlightedWebCache.m */ = {isa = PBXFileReference; fileEncoding = 4; lastKnownFileType = sourcecode.c.objc; path = "UIImageView+HighlightedWebCache.m"; sourceTree = "<group>"; };
		04A16D7B1D0183FE0063B508 /* UIImageView+WebCache.h */ = {isa = PBXFileReference; fileEncoding = 4; lastKnownFileType = sourcecode.c.h; path = "UIImageView+WebCache.h"; sourceTree = "<group>"; };
		04A16D7C1D0183FE0063B508 /* UIImageView+WebCache.m */ = {isa = PBXFileReference; fileEncoding = 4; lastKnownFileType = sourcecode.c.objc; path = "UIImageView+WebCache.m"; sourceTree = "<group>"; };
		04A16D7D1D0183FE0063B508 /* UIView+WebCacheOperation.h */ = {isa = PBXFileReference; fileEncoding = 4; lastKnownFileType = sourcecode.c.h; path = "UIView+WebCacheOperation.h"; sourceTree = "<group>"; };
		04A16D7E1D0183FE0063B508 /* UIView+WebCacheOperation.m */ = {isa = PBXFileReference; fileEncoding = 4; lastKnownFileType = sourcecode.c.objc; path = "UIView+WebCacheOperation.m"; sourceTree = "<group>"; };
		04A16D801D0183FE0063B508 /* btn_close_normal.png */ = {isa = PBXFileReference; lastKnownFileType = image.png; path = btn_close_normal.png; sourceTree = "<group>"; };
		04A16D811D0183FE0063B508 /* btn_close_normal@2x.png */ = {isa = PBXFileReference; lastKnownFileType = image.png; path = "btn_close_normal@2x.png"; sourceTree = "<group>"; };
		04A16D821D0183FE0063B508 /* btn_close_selected.png */ = {isa = PBXFileReference; lastKnownFileType = image.png; path = btn_close_selected.png; sourceTree = "<group>"; };
		04A16D831D0183FE0063B508 /* btn_close_selected@2x.png */ = {isa = PBXFileReference; lastKnownFileType = image.png; path = "btn_close_selected@2x.png"; sourceTree = "<group>"; };
		04A16D841D0183FE0063B508 /* DXAlertView.h */ = {isa = PBXFileReference; fileEncoding = 4; lastKnownFileType = sourcecode.c.h; path = DXAlertView.h; sourceTree = "<group>"; };
		04A16D851D0183FE0063B508 /* DXAlertView.m */ = {isa = PBXFileReference; fileEncoding = 4; lastKnownFileType = sourcecode.c.objc; path = DXAlertView.m; sourceTree = "<group>"; };
		04A16D861D0183FE0063B508 /* ViewController.h */ = {isa = PBXFileReference; fileEncoding = 4; lastKnownFileType = sourcecode.c.h; path = ViewController.h; sourceTree = "<group>"; };
		04A16D871D0183FE0063B508 /* ViewController.m */ = {isa = PBXFileReference; fileEncoding = 4; lastKnownFileType = sourcecode.c.objc; path = ViewController.m; sourceTree = "<group>"; };
		04A16D881D0183FE0063B508 /* Info.plist */ = {isa = PBXFileReference; fileEncoding = 4; lastKnownFileType = text.plist.xml; path = Info.plist; sourceTree = "<group>"; };
		04A16D891D0183FE0063B508 /* IWCommon.h */ = {isa = PBXFileReference; fileEncoding = 4; lastKnownFileType = sourcecode.c.h; path = IWCommon.h; sourceTree = "<group>"; };
		04A16D8A1D0183FE0063B508 /* LaunchScreen.storyboard */ = {isa = PBXFileReference; fileEncoding = 4; lastKnownFileType = file.storyboard; path = LaunchScreen.storyboard; sourceTree = "<group>"; };
		04A16D8B1D0183FE0063B508 /* main.m */ = {isa = PBXFileReference; fileEncoding = 4; lastKnownFileType = sourcecode.c.objc; path = main.m; sourceTree = "<group>"; };
		04A16D8C1D0183FE0063B508 /* new_feature_1-568h@2x.png */ = {isa = PBXFileReference; lastKnownFileType = image.png; path = "new_feature_1-568h@2x.png"; sourceTree = "<group>"; };
		04A16D8D1D0183FE0063B508 /* new_feature_2-568h@2x.png */ = {isa = PBXFileReference; lastKnownFileType = image.png; path = "new_feature_2-568h@2x.png"; sourceTree = "<group>"; };
		04A16D8E1D0183FE0063B508 /* new_feature_3-568h@2x.png */ = {isa = PBXFileReference; lastKnownFileType = image.png; path = "new_feature_3-568h@2x.png"; sourceTree = "<group>"; };
		04A16D8F1D0183FE0063B508 /* PrefixHeader.pch */ = {isa = PBXFileReference; fileEncoding = 4; lastKnownFileType = sourcecode.c.h; path = PrefixHeader.pch; sourceTree = "<group>"; };
		DD9D177C1CFE8CCF00C9B89F /* File3 */ = {isa = PBXFileReference; fileEncoding = 4; lastKnownFileType = text; path = File3; sourceTree = "<group>"; };
		DD9D177E1CFE8D0100C9B89F /* Filewode5 */ = {isa = PBXFileReference; fileEncoding = 4; lastKnownFileType = text; path = Filewode5; sourceTree = "<group>"; };
		DDDEA7E71CF87D030056D76F /* File */ = {isa = PBXFileReference; fileEncoding = 4; lastKnownFileType = text; path = File; sourceTree = "<group>"; };
		DDDEA7E91CF87D950056D76F /* File2 */ = {isa = PBXFileReference; fileEncoding = 4; lastKnownFileType = text; path = File2; sourceTree = "<group>"; };
		DDDEA7EF1CF87E630056D76F /* Filewode3 */ = {isa = PBXFileReference; fileEncoding = 4; lastKnownFileType = text; path = Filewode3; sourceTree = "<group>"; };
		DDDEA7F11CF87E830056D76F /* Filewode4 */ = {isa = PBXFileReference; fileEncoding = 4; lastKnownFileType = text; path = Filewode4; sourceTree = "<group>"; };
		DDDEA7F41CF87EE10056D76F /* File_HomeController */ = {isa = PBXFileReference; fileEncoding = 4; lastKnownFileType = text; path = File_HomeController; sourceTree = "<group>"; };
		DDE5E0401CF2AF1400359021 /* CJWeibo.app */ = {isa = PBXFileReference; explicitFileType = wrapper.application; includeInIndex = 0; path = CJWeibo.app; sourceTree = BUILT_PRODUCTS_DIR; };
		DDE5E0591CF2AF1500359021 /* CJWeiboTests.xctest */ = {isa = PBXFileReference; explicitFileType = wrapper.cfbundle; includeInIndex = 0; path = CJWeiboTests.xctest; sourceTree = BUILT_PRODUCTS_DIR; };
		DDE5E05D1CF2AF1500359021 /* CJWeiboTests.m */ = {isa = PBXFileReference; lastKnownFileType = sourcecode.c.objc; path = CJWeiboTests.m; sourceTree = "<group>"; };
		DDE5E05F1CF2AF1500359021 /* Info.plist */ = {isa = PBXFileReference; lastKnownFileType = text.plist.xml; path = Info.plist; sourceTree = "<group>"; };
		DDE5E0641CF2AF1500359021 /* CJWeiboUITests.xctest */ = {isa = PBXFileReference; explicitFileType = wrapper.cfbundle; includeInIndex = 0; path = CJWeiboUITests.xctest; sourceTree = BUILT_PRODUCTS_DIR; };
		DDE5E0681CF2AF1500359021 /* CJWeiboUITests.m */ = {isa = PBXFileReference; lastKnownFileType = sourcecode.c.objc; path = CJWeiboUITests.m; sourceTree = "<group>"; };
		DDE5E06A1CF2AF1500359021 /* Info.plist */ = {isa = PBXFileReference; lastKnownFileType = text.plist.xml; path = Info.plist; sourceTree = "<group>"; };
/* End PBXFileReference section */

/* Begin PBXFrameworksBuildPhase section */
		DDE5E03D1CF2AF1400359021 /* Frameworks */ = {
			isa = PBXFrameworksBuildPhase;
			buildActionMask = 2147483647;
			files = (
			);
			runOnlyForDeploymentPostprocessing = 0;
		};
		DDE5E0561CF2AF1500359021 /* Frameworks */ = {
			isa = PBXFrameworksBuildPhase;
			buildActionMask = 2147483647;
			files = (
			);
			runOnlyForDeploymentPostprocessing = 0;
		};
		DDE5E0611CF2AF1500359021 /* Frameworks */ = {
			isa = PBXFrameworksBuildPhase;
			buildActionMask = 2147483647;
			files = (
			);
			runOnlyForDeploymentPostprocessing = 0;
		};
/* End PBXFrameworksBuildPhase section */

/* Begin PBXGroup section */
		04A16CB01D0183FE0063B508 /* CJWeibo */ = {
			isa = PBXGroup;
			children = (
				04A16CB11D0183FE0063B508 /* Assets.xcassets */,
				04A16CB21D0183FE0063B508 /* Main.storyboard */,
				04A16CB41D0183FE0063B508 /* Classes */,
				04A16D881D0183FE0063B508 /* Info.plist */,
				04A16D891D0183FE0063B508 /* IWCommon.h */,
				04A16D8A1D0183FE0063B508 /* LaunchScreen.storyboard */,
				04A16D8B1D0183FE0063B508 /* main.m */,
				04A16D8C1D0183FE0063B508 /* new_feature_1-568h@2x.png */,
				04A16D8D1D0183FE0063B508 /* new_feature_2-568h@2x.png */,
				04A16D8E1D0183FE0063B508 /* new_feature_3-568h@2x.png */,
				04A16D8F1D0183FE0063B508 /* PrefixHeader.pch */,
			);
			path = CJWeibo;
			sourceTree = "<group>";
		};
		04A16CB41D0183FE0063B508 /* Classes */ = {
			isa = PBXGroup;
			children = (
				04A16CB51D0183FE0063B508 /* Discover(广场) */,
				04A16CBD1D0183FE0063B508 /* Home(首页) */,
				04A16CD91D0183FE0063B508 /* Main(主要) */,
				04A16CE71D0183FE0063B508 /* Me(我) */,
				04A16CED1D0183FE0063B508 /* Message(消息) */,
				04A16CF31D0183FE0063B508 /* NewFeature(版本新特性) */,
				04A16CFB1D0183FE0063B508 /* OAuth(授权) */,
				04A16D061D0183FE0063B508 /* Other(其他) */,
				04A16D861D0183FE0063B508 /* ViewController.h */,
				04A16D871D0183FE0063B508 /* ViewController.m */,
			);
			path = Classes;
			sourceTree = "<group>";
		};
		04A16CB51D0183FE0063B508 /* Discover(广场) */ = {
			isa = PBXGroup;
			children = (
				04A16CB61D0183FE0063B508 /* Controller */,
				04A16CB91D0183FE0063B508 /* Model */,
				04A16CBA1D0183FE0063B508 /* View */,
			);
			path = "Discover(广场)";
			sourceTree = "<group>";
		};
		04A16CB61D0183FE0063B508 /* Controller */ = {
			isa = PBXGroup;
			children = (
				04A16CB71D0183FE0063B508 /* CJDiscoverViewController.h */,
				04A16CB81D0183FE0063B508 /* CJDiscoverViewController.m */,
			);
			path = Controller;
			sourceTree = "<group>";
		};
		04A16CB91D0183FE0063B508 /* Model */ = {
			isa = PBXGroup;
			children = (
			);
			path = Model;
			sourceTree = "<group>";
		};
		04A16CBA1D0183FE0063B508 /* View */ = {
			isa = PBXGroup;
			children = (
				04A16CBB1D0183FE0063B508 /* CJSearchBar.h */,
				04A16CBC1D0183FE0063B508 /* CJSearchBar.m */,
			);
			path = View;
			sourceTree = "<group>";
		};
		04A16CBD1D0183FE0063B508 /* Home(首页) */ = {
			isa = PBXGroup;
			children = (
				04A16CC11D0183FE0063B508 /* Model */,
				04A16CCA1D0183FE0063B508 /* View */,
				04A16CBE1D0183FE0063B508 /* Controller */,
			);
			path = "Home(首页)";
			sourceTree = "<group>";
		};
		04A16CBE1D0183FE0063B508 /* Controller */ = {
			isa = PBXGroup;
			children = (
				04A16CBF1D0183FE0063B508 /* CJHomeViewController.h */,
				04A16CC01D0183FE0063B508 /* CJHomeViewController.m */,
			);
			path = Controller;
			sourceTree = "<group>";
		};
		04A16CC11D0183FE0063B508 /* Model */ = {
			isa = PBXGroup;
			children = (
				04A16CC21D0183FE0063B508 /* CJPhoto.h */,
				04A16CC31D0183FE0063B508 /* CJPhoto.m */,
				04A16CC41D0183FE0063B508 /* CJStatus.h */,
				04A16CC51D0183FE0063B508 /* CJStatus.m */,
				04A16CC61D0183FE0063B508 /* CJStatusFrame.h */,
				04A16CC71D0183FE0063B508 /* CJStatusFrame.m */,
				04A16CC81D0183FE0063B508 /* CJUser.h */,
				04A16CC91D0183FE0063B508 /* CJUser.m */,
			);
			path = Model;
			sourceTree = "<group>";
		};
		04A16CCA1D0183FE0063B508 /* View */ = {
			isa = PBXGroup;
			children = (
				04A16CCB1D0183FE0063B508 /* CJPhotosView.h */,
				04A16CCC1D0183FE0063B508 /* CJPhotosView.m */,
				04A16CCD1D0183FE0063B508 /* CJPhotoView.h */,
				04A16CCE1D0183FE0063B508 /* CJPhotoView.m */,
				04A16CCF1D0183FE0063B508 /* CJRetweetStatusView.h */,
				04A16CD01D0183FE0063B508 /* CJRetweetStatusView.m */,
				04A16CD11D0183FE0063B508 /* CJStatusCell.h */,
				04A16CD21D0183FE0063B508 /* CJStatusCell.m */,
				04A16CD31D0183FE0063B508 /* CJStatusToolbar.h */,
				04A16CD41D0183FE0063B508 /* CJStatusToolbar.m */,
				04A16CD51D0183FE0063B508 /* CJStatusTopView.h */,
				04A16CD61D0183FE0063B508 /* CJStatusTopView.m */,
				04A16CD71D0183FE0063B508 /* CJTitleButton.h */,
				04A16CD81D0183FE0063B508 /* CJTitleButton.m */,
			);
			path = View;
			sourceTree = "<group>";
		};
		04A16CD91D0183FE0063B508 /* Main(主要) */ = {
			isa = PBXGroup;
			children = (
				04A16CDA1D0183FE0063B508 /* Controller */,
				04A16CDF1D0183FE0063B508 /* Model */,
				04A16CE01D0183FE0063B508 /* View */,
			);
			path = "Main(主要)";
			sourceTree = "<group>";
		};
		04A16CDA1D0183FE0063B508 /* Controller */ = {
			isa = PBXGroup;
			children = (
				04A16CDB1D0183FE0063B508 /* CJNavigationController.h */,
				04A16CDC1D0183FE0063B508 /* CJNavigationController.m */,
				04A16CDD1D0183FE0063B508 /* CJTabBarViewController.h */,
				04A16CDE1D0183FE0063B508 /* CJTabBarViewController.m */,
			);
			path = Controller;
			sourceTree = "<group>";
		};
		04A16CDF1D0183FE0063B508 /* Model */ = {
			isa = PBXGroup;
			children = (
			);
			path = Model;
			sourceTree = "<group>";
		};
		04A16CE01D0183FE0063B508 /* View */ = {
			isa = PBXGroup;
			children = (
				04A16CE11D0183FE0063B508 /* CJBadgeButton.h */,
				04A16CE21D0183FE0063B508 /* CJBadgeButton.m */,
				04A16CE31D0183FE0063B508 /* CJTabBar.h */,
				04A16CE41D0183FE0063B508 /* CJTabBar.m */,
				04A16CE51D0183FE0063B508 /* CJTabBarButton.h */,
				04A16CE61D0183FE0063B508 /* CJTabBarButton.m */,
			);
			path = View;
			sourceTree = "<group>";
		};
		04A16CE71D0183FE0063B508 /* Me(我) */ = {
			isa = PBXGroup;
			children = (
				04A16CE81D0183FE0063B508 /* Controller */,
				04A16CEB1D0183FE0063B508 /* Model */,
				04A16CEC1D0183FE0063B508 /* View */,
			);
			path = "Me(我)";
			sourceTree = "<group>";
		};
		04A16CE81D0183FE0063B508 /* Controller */ = {
			isa = PBXGroup;
			children = (
				04A16CE91D0183FE0063B508 /* CJMeViewController.h */,
				04A16CEA1D0183FE0063B508 /* CJMeViewController.m */,
			);
			path = Controller;
			sourceTree = "<group>";
		};
		04A16CEB1D0183FE0063B508 /* Model */ = {
			isa = PBXGroup;
			children = (
			);
			path = Model;
			sourceTree = "<group>";
		};
		04A16CEC1D0183FE0063B508 /* View */ = {
			isa = PBXGroup;
			children = (
			);
			path = View;
			sourceTree = "<group>";
		};
		04A16CED1D0183FE0063B508 /* Message(消息) */ = {
			isa = PBXGroup;
			children = (
				04A16CEE1D0183FE0063B508 /* Controller */,
				04A16CF11D0183FE0063B508 /* Model */,
				04A16CF21D0183FE0063B508 /* View */,
			);
			path = "Message(消息)";
			sourceTree = "<group>";
		};
		04A16CEE1D0183FE0063B508 /* Controller */ = {
			isa = PBXGroup;
			children = (
				04A16CEF1D0183FE0063B508 /* CJMessageViewController.h */,
				04A16CF01D0183FE0063B508 /* CJMessageViewController.m */,
			);
			path = Controller;
			sourceTree = "<group>";
		};
		04A16CF11D0183FE0063B508 /* Model */ = {
			isa = PBXGroup;
			children = (
			);
			path = Model;
			sourceTree = "<group>";
		};
		04A16CF21D0183FE0063B508 /* View */ = {
			isa = PBXGroup;
			children = (
			);
			path = View;
			sourceTree = "<group>";
		};
		04A16CF31D0183FE0063B508 /* NewFeature(版本新特性) */ = {
			isa = PBXGroup;
			children = (
				04A16CF41D0183FE0063B508 /* Controller */,
				04A16CF71D0183FE0063B508 /* Model */,
				04A16CF81D0183FE0063B508 /* View */,
			);
			path = "NewFeature(版本新特性)";
			sourceTree = "<group>";
		};
		04A16CF41D0183FE0063B508 /* Controller */ = {
			isa = PBXGroup;
			children = (
				04A16CF51D0183FE0063B508 /* CJNewfeatureViewController.h */,
				04A16CF61D0183FE0063B508 /* CJNewfeatureViewController.m */,
			);
			path = Controller;
			sourceTree = "<group>";
		};
		04A16CF71D0183FE0063B508 /* Model */ = {
			isa = PBXGroup;
			children = (
			);
			path = Model;
			sourceTree = "<group>";
		};
		04A16CF81D0183FE0063B508 /* View */ = {
			isa = PBXGroup;
			children = (
				04A16CF91D0183FE0063B508 /* CJPageControl.h */,
				04A16CFA1D0183FE0063B508 /* CJPageControl.m */,
			);
			path = View;
			sourceTree = "<group>";
		};
		04A16CFB1D0183FE0063B508 /* OAuth(授权) */ = {
			isa = PBXGroup;
			children = (
				04A16CFC1D0183FE0063B508 /* Controller */,
				04A16CFF1D0183FE0063B508 /* Model */,
				04A16D001D0183FE0063B508 /* Tool */,
				04A16D031D0183FE0063B508 /* View */,
			);
			path = "OAuth(授权)";
			sourceTree = "<group>";
		};
		04A16CFC1D0183FE0063B508 /* Controller */ = {
			isa = PBXGroup;
			children = (
				04A16CFD1D0183FE0063B508 /* CJOAuthViewController.h */,
				04A16CFE1D0183FE0063B508 /* CJOAuthViewController.m */,
			);
			path = Controller;
			sourceTree = "<group>";
		};
		04A16CFF1D0183FE0063B508 /* Model */ = {
			isa = PBXGroup;
			children = (
			);
			path = Model;
			sourceTree = "<group>";
		};
		04A16D001D0183FE0063B508 /* Tool */ = {
			isa = PBXGroup;
			children = (
				04A16D011D0183FE0063B508 /* CJAccountTool.h */,
				04A16D021D0183FE0063B508 /* CJAccountTool.m */,
			);
			path = Tool;
			sourceTree = "<group>";
		};
		04A16D031D0183FE0063B508 /* View */ = {
			isa = PBXGroup;
			children = (
				04A16D041D0183FE0063B508 /* CJAccount.h */,
				04A16D051D0183FE0063B508 /* CJAccount.m */,
			);
			path = View;
			sourceTree = "<group>";
		};
		04A16D061D0183FE0063B508 /* Other(其他) */ = {
			isa = PBXGroup;
			children = (
				04A16D071D0183FE0063B508 /* AppDelegate.h */,
				04A16D081D0183FE0063B508 /* AppDelegate.m */,
				04A16D091D0183FE0063B508 /* Category */,
				04A16D101D0183FE0063B508 /* CJCommon.h */,
				04A16D111D0183FE0063B508 /* CJWeiboTool.h */,
				04A16D121D0183FE0063B508 /* CJWeiboTool.m */,
				04A16D131D0183FE0063B508 /* Lib(第三方) */,
			);
			path = "Other(其他)";
			sourceTree = "<group>";
		};
		04A16D091D0183FE0063B508 /* Category */ = {
			isa = PBXGroup;
			children = (
				04A16D0A1D0183FE0063B508 /* NSDate+CJ.h */,
				04A16D0B1D0183FE0063B508 /* NSDate+CJ.m */,
				04A16D0C1D0183FE0063B508 /* UIBarButtonItem+CJ.h */,
				04A16D0D1D0183FE0063B508 /* UIBarButtonItem+CJ.m */,
				04A16D0E1D0183FE0063B508 /* UIImage+CJ.h */,
				04A16D0F1D0183FE0063B508 /* UIImage+CJ.m */,
			);
			path = Category;
			sourceTree = "<group>";
		};
		04A16D131D0183FE0063B508 /* Lib(第三方) */ = {
			isa = PBXGroup;
			children = (
				04A16D141D0183FE0063B508 /* AFNetworking */,
				04A16D281D0183FE0063B508 /* MBProgressHUD */,
				04A16D2E1D0183FE0063B508 /* MJExtension */,
				04A16D421D0183FE0063B508 /* MJPhotoBrowser */,
				04A16D521D0183FE0063B508 /* MJRefresh */,
				04A16D5D1D0183FE0063B508 /* SDWebImage */,
				04A16D7F1D0183FE0063B508 /* Vendor */,
			);
			path = "Lib(第三方)";
			sourceTree = "<group>";
		};
		04A16D141D0183FE0063B508 /* AFNetworking */ = {
			isa = PBXGroup;
			children = (
				04A16D151D0183FE0063B508 /* AFHTTPRequestOperation.h */,
				04A16D161D0183FE0063B508 /* AFHTTPRequestOperation.m */,
				04A16D171D0183FE0063B508 /* AFHTTPRequestOperationManager.h */,
				04A16D181D0183FE0063B508 /* AFHTTPRequestOperationManager.m */,
				04A16D191D0183FE0063B508 /* AFHTTPSessionManager.h */,
				04A16D1A1D0183FE0063B508 /* AFHTTPSessionManager.m */,
				04A16D1B1D0183FE0063B508 /* AFNetworking.h */,
				04A16D1C1D0183FE0063B508 /* AFNetworkReachabilityManager.h */,
				04A16D1D1D0183FE0063B508 /* AFNetworkReachabilityManager.m */,
				04A16D1E1D0183FE0063B508 /* AFSecurityPolicy.h */,
				04A16D1F1D0183FE0063B508 /* AFSecurityPolicy.m */,
				04A16D201D0183FE0063B508 /* AFURLConnectionOperation.h */,
				04A16D211D0183FE0063B508 /* AFURLConnectionOperation.m */,
				04A16D221D0183FE0063B508 /* AFURLRequestSerialization.h */,
				04A16D231D0183FE0063B508 /* AFURLRequestSerialization.m */,
				04A16D241D0183FE0063B508 /* AFURLResponseSerialization.h */,
				04A16D251D0183FE0063B508 /* AFURLResponseSerialization.m */,
				04A16D261D0183FE0063B508 /* AFURLSessionManager.h */,
				04A16D271D0183FE0063B508 /* AFURLSessionManager.m */,
			);
			path = AFNetworking;
			sourceTree = "<group>";
		};
		04A16D281D0183FE0063B508 /* MBProgressHUD */ = {
			isa = PBXGroup;
			children = (
				04A16D291D0183FE0063B508 /* MBProgressHUD+CJ.h */,
				04A16D2A1D0183FE0063B508 /* MBProgressHUD+CJ.m */,
				04A16D2B1D0183FE0063B508 /* MBProgressHUD.bundle */,
				04A16D2C1D0183FE0063B508 /* MBProgressHUD.h */,
				04A16D2D1D0183FE0063B508 /* MBProgressHUD.m */,
			);
			path = MBProgressHUD;
			sourceTree = "<group>";
		};
		04A16D2E1D0183FE0063B508 /* MJExtension */ = {
			isa = PBXGroup;
			children = (
				04A16D2F1D0183FE0063B508 /* MJArgument.h */,
				04A16D301D0183FE0063B508 /* MJArgument.m */,
				04A16D311D0183FE0063B508 /* MJExtension.h */,
				04A16D321D0183FE0063B508 /* MJIvar.h */,
				04A16D331D0183FE0063B508 /* MJIvar.m */,
				04A16D341D0183FE0063B508 /* MJMember.h */,
				04A16D351D0183FE0063B508 /* MJMember.m */,
				04A16D361D0183FE0063B508 /* MJMethod.h */,
				04A16D371D0183FE0063B508 /* MJMethod.m */,
				04A16D381D0183FE0063B508 /* MJType.h */,
				04A16D391D0183FE0063B508 /* MJType.m */,
				04A16D3A1D0183FE0063B508 /* MJTypeEncoding.h */,
				04A16D3B1D0183FE0063B508 /* MJTypeEncoding.m */,
				04A16D3C1D0183FE0063B508 /* NSObject+MJCoding.h */,
				04A16D3D1D0183FE0063B508 /* NSObject+MJCoding.m */,
				04A16D3E1D0183FE0063B508 /* NSObject+MJKeyValue.h */,
				04A16D3F1D0183FE0063B508 /* NSObject+MJKeyValue.m */,
				04A16D401D0183FE0063B508 /* NSObject+MJMember.h */,
				04A16D411D0183FE0063B508 /* NSObject+MJMember.m */,
			);
			path = MJExtension;
			sourceTree = "<group>";
		};
		04A16D421D0183FE0063B508 /* MJPhotoBrowser */ = {
			isa = PBXGroup;
			children = (
				04A16D431D0183FE0063B508 /* MJPhoto.h */,
				04A16D441D0183FE0063B508 /* MJPhoto.m */,
				04A16D451D0183FE0063B508 /* MJPhotoBrowser.bundle */,
				04A16D461D0183FE0063B508 /* MJPhotoBrowser.h */,
				04A16D471D0183FE0063B508 /* MJPhotoBrowser.m */,
				04A16D481D0183FE0063B508 /* MJPhotoLoadingView.h */,
				04A16D491D0183FE0063B508 /* MJPhotoLoadingView.m */,
				04A16D4A1D0183FE0063B508 /* MJPhotoProgressView.h */,
				04A16D4B1D0183FE0063B508 /* MJPhotoProgressView.m */,
				04A16D4C1D0183FE0063B508 /* MJPhotoToolbar.h */,
				04A16D4D1D0183FE0063B508 /* MJPhotoToolbar.m */,
				04A16D4E1D0183FE0063B508 /* MJPhotoView.h */,
				04A16D4F1D0183FE0063B508 /* MJPhotoView.m */,
				04A16D501D0183FE0063B508 /* SDWebImageManager+MJ.h */,
				04A16D511D0183FE0063B508 /* SDWebImageManager+MJ.m */,
			);
			path = MJPhotoBrowser;
			sourceTree = "<group>";
		};
		04A16D521D0183FE0063B508 /* MJRefresh */ = {
			isa = PBXGroup;
			children = (
				04A16D531D0183FE0063B508 /* MJRefresh.bundle */,
				04A16D541D0183FE0063B508 /* MJRefresh.h */,
				04A16D551D0183FE0063B508 /* MJRefreshBaseView.h */,
				04A16D561D0183FE0063B508 /* MJRefreshBaseView.m */,
				04A16D571D0183FE0063B508 /* MJRefreshConst.h */,
				04A16D581D0183FE0063B508 /* MJRefreshConst.m */,
				04A16D591D0183FE0063B508 /* MJRefreshFooterView.h */,
				04A16D5A1D0183FE0063B508 /* MJRefreshFooterView.m */,
				04A16D5B1D0183FE0063B508 /* MJRefreshHeaderView.h */,
				04A16D5C1D0183FE0063B508 /* MJRefreshHeaderView.m */,
			);
			path = MJRefresh;
			sourceTree = "<group>";
		};
		04A16D5D1D0183FE0063B508 /* SDWebImage */ = {
			isa = PBXGroup;
			children = (
				04A16D5E1D0183FE0063B508 /* MKAnnotationView+WebCache.h */,
				04A16D5F1D0183FE0063B508 /* MKAnnotationView+WebCache.m */,
				04A16D601D0183FE0063B508 /* NSData+ImageContentType.h */,
				04A16D611D0183FE0063B508 /* NSData+ImageContentType.m */,
				04A16D621D0183FE0063B508 /* SDImageCache.h */,
				04A16D631D0183FE0063B508 /* SDImageCache.m */,
				04A16D641D0183FE0063B508 /* SDWebImageCompat.h */,
				04A16D651D0183FE0063B508 /* SDWebImageCompat.m */,
				04A16D661D0183FE0063B508 /* SDWebImageDecoder.h */,
				04A16D671D0183FE0063B508 /* SDWebImageDecoder.m */,
				04A16D681D0183FE0063B508 /* SDWebImageDownloader.h */,
				04A16D691D0183FE0063B508 /* SDWebImageDownloader.m */,
				04A16D6A1D0183FE0063B508 /* SDWebImageDownloaderOperation.h */,
				04A16D6B1D0183FE0063B508 /* SDWebImageDownloaderOperation.m */,
				04A16D6C1D0183FE0063B508 /* SDWebImageManager.h */,
				04A16D6D1D0183FE0063B508 /* SDWebImageManager.m */,
				04A16D6E1D0183FE0063B508 /* SDWebImageOperation.h */,
				04A16D6F1D0183FE0063B508 /* SDWebImagePrefetcher.h */,
				04A16D701D0183FE0063B508 /* SDWebImagePrefetcher.m */,
				04A16D711D0183FE0063B508 /* UIButton+WebCache.h */,
				04A16D721D0183FE0063B508 /* UIButton+WebCache.m */,
				04A16D731D0183FE0063B508 /* UIImage+GIF.h */,
				04A16D741D0183FE0063B508 /* UIImage+GIF.m */,
				04A16D751D0183FE0063B508 /* UIImage+MultiFormat.h */,
				04A16D761D0183FE0063B508 /* UIImage+MultiFormat.m */,
				04A16D771D0183FE0063B508 /* UIImage+WebP.h */,
				04A16D781D0183FE0063B508 /* UIImage+WebP.m */,
				04A16D791D0183FE0063B508 /* UIImageView+HighlightedWebCache.h */,
				04A16D7A1D0183FE0063B508 /* UIImageView+HighlightedWebCache.m */,
				04A16D7B1D0183FE0063B508 /* UIImageView+WebCache.h */,
				04A16D7C1D0183FE0063B508 /* UIImageView+WebCache.m */,
				04A16D7D1D0183FE0063B508 /* UIView+WebCacheOperation.h */,
				04A16D7E1D0183FE0063B508 /* UIView+WebCacheOperation.m */,
			);
			path = SDWebImage;
			sourceTree = "<group>";
		};
		04A16D7F1D0183FE0063B508 /* Vendor */ = {
			isa = PBXGroup;
			children = (
				04A16D801D0183FE0063B508 /* btn_close_normal.png */,
				04A16D811D0183FE0063B508 /* btn_close_normal@2x.png */,
				04A16D821D0183FE0063B508 /* btn_close_selected.png */,
				04A16D831D0183FE0063B508 /* btn_close_selected@2x.png */,
				04A16D841D0183FE0063B508 /* DXAlertView.h */,
				04A16D851D0183FE0063B508 /* DXAlertView.m */,
			);
			path = Vendor;
			sourceTree = "<group>";
		};
		DDE5E0371CF2AF1400359021 = {
			isa = PBXGroup;
			children = (
				DDDEA7F41CF87EE10056D76F /* File_HomeController */,
				DD9D177E1CFE8D0100C9B89F /* Filewode5 */,
				DDDEA7F11CF87E830056D76F /* Filewode4 */,
				DDDEA7EF1CF87E630056D76F /* Filewode3 */,
				DD9D177C1CFE8CCF00C9B89F /* File3 */,
				DDDEA7E91CF87D950056D76F /* File2 */,
				DDDEA7E71CF87D030056D76F /* File */,
				04A16CB01D0183FE0063B508 /* CJWeibo */,
				DDE5E05C1CF2AF1500359021 /* CJWeiboTests */,
				DDE5E0671CF2AF1500359021 /* CJWeiboUITests */,
				DDE5E0411CF2AF1400359021 /* Products */,
			);
			sourceTree = "<group>";
		};
		DDE5E0411CF2AF1400359021 /* Products */ = {
			isa = PBXGroup;
			children = (
				DDE5E0401CF2AF1400359021 /* CJWeibo.app */,
				DDE5E0591CF2AF1500359021 /* CJWeiboTests.xctest */,
				DDE5E0641CF2AF1500359021 /* CJWeiboUITests.xctest */,
			);
			name = Products;
			sourceTree = "<group>";
		};
		DDE5E05C1CF2AF1500359021 /* CJWeiboTests */ = {
			isa = PBXGroup;
			children = (
				DDE5E05D1CF2AF1500359021 /* CJWeiboTests.m */,
				DDE5E05F1CF2AF1500359021 /* Info.plist */,
			);
			path = CJWeiboTests;
			sourceTree = "<group>";
		};
		DDE5E0671CF2AF1500359021 /* CJWeiboUITests */ = {
			isa = PBXGroup;
			children = (
				DDE5E0681CF2AF1500359021 /* CJWeiboUITests.m */,
				DDE5E06A1CF2AF1500359021 /* Info.plist */,
			);
			path = CJWeiboUITests;
			sourceTree = "<group>";
		};
/* End PBXGroup section */

/* Begin PBXNativeTarget section */
		DDE5E03F1CF2AF1400359021 /* CJWeibo */ = {
			isa = PBXNativeTarget;
			buildConfigurationList = DDE5E06D1CF2AF1500359021 /* Build configuration list for PBXNativeTarget "CJWeibo" */;
			buildPhases = (
				DDE5E03C1CF2AF1400359021 /* Sources */,
				DDE5E03D1CF2AF1400359021 /* Frameworks */,
				DDE5E03E1CF2AF1400359021 /* Resources */,
			);
			buildRules = (
			);
			dependencies = (
			);
			name = CJWeibo;
			productName = CJWeibo;
			productReference = DDE5E0401CF2AF1400359021 /* CJWeibo.app */;
			productType = "com.apple.product-type.application";
		};
		DDE5E0581CF2AF1500359021 /* CJWeiboTests */ = {
			isa = PBXNativeTarget;
			buildConfigurationList = DDE5E0701CF2AF1500359021 /* Build configuration list for PBXNativeTarget "CJWeiboTests" */;
			buildPhases = (
				DDE5E0551CF2AF1500359021 /* Sources */,
				DDE5E0561CF2AF1500359021 /* Frameworks */,
				DDE5E0571CF2AF1500359021 /* Resources */,
			);
			buildRules = (
			);
			dependencies = (
				DDE5E05B1CF2AF1500359021 /* PBXTargetDependency */,
			);
			name = CJWeiboTests;
			productName = CJWeiboTests;
			productReference = DDE5E0591CF2AF1500359021 /* CJWeiboTests.xctest */;
			productType = "com.apple.product-type.bundle.unit-test";
		};
		DDE5E0631CF2AF1500359021 /* CJWeiboUITests */ = {
			isa = PBXNativeTarget;
			buildConfigurationList = DDE5E0731CF2AF1500359021 /* Build configuration list for PBXNativeTarget "CJWeiboUITests" */;
			buildPhases = (
				DDE5E0601CF2AF1500359021 /* Sources */,
				DDE5E0611CF2AF1500359021 /* Frameworks */,
				DDE5E0621CF2AF1500359021 /* Resources */,
			);
			buildRules = (
			);
			dependencies = (
				DDE5E0661CF2AF1500359021 /* PBXTargetDependency */,
			);
			name = CJWeiboUITests;
			productName = CJWeiboUITests;
			productReference = DDE5E0641CF2AF1500359021 /* CJWeiboUITests.xctest */;
			productType = "com.apple.product-type.bundle.ui-testing";
		};
/* End PBXNativeTarget section */

/* Begin PBXProject section */
		DDE5E0381CF2AF1400359021 /* Project object */ = {
			isa = PBXProject;
			attributes = {
				LastUpgradeCheck = 0720;
				ORGANIZATIONNAME = ChenJun;
				TargetAttributes = {
					DDE5E03F1CF2AF1400359021 = {
						CreatedOnToolsVersion = 7.2.1;
						DevelopmentTeam = LQB76773LR;
					};
					DDE5E0581CF2AF1500359021 = {
						CreatedOnToolsVersion = 7.2.1;
						TestTargetID = DDE5E03F1CF2AF1400359021;
					};
					DDE5E0631CF2AF1500359021 = {
						CreatedOnToolsVersion = 7.2.1;
						TestTargetID = DDE5E03F1CF2AF1400359021;
					};
				};
			};
			buildConfigurationList = DDE5E03B1CF2AF1400359021 /* Build configuration list for PBXProject "CJWeibo" */;
			compatibilityVersion = "Xcode 3.2";
			developmentRegion = English;
			hasScannedForEncodings = 0;
			knownRegions = (
				en,
				Base,
			);
			mainGroup = DDE5E0371CF2AF1400359021;
			productRefGroup = DDE5E0411CF2AF1400359021 /* Products */;
			projectDirPath = "";
			projectRoot = "";
			targets = (
				DDE5E03F1CF2AF1400359021 /* CJWeibo */,
				DDE5E0581CF2AF1500359021 /* CJWeiboTests */,
				DDE5E0631CF2AF1500359021 /* CJWeiboUITests */,
			);
		};
/* End PBXProject section */

/* Begin PBXResourcesBuildPhase section */
		DDE5E03E1CF2AF1400359021 /* Resources */ = {
			isa = PBXResourcesBuildPhase;
			buildActionMask = 2147483647;
			files = (
				DD9D177D1CFE8CCF00C9B89F /* File3 in Resources */,
				04A16DE41D0183FE0063B508 /* btn_close_normal@2x.png in Resources */,
				DD9D177F1CFE8D0100C9B89F /* Filewode5 in Resources */,
				04A16DEC1D0183FE0063B508 /* new_feature_1-568h@2x.png in Resources */,
				04A16DCE1D0183FE0063B508 /* MJRefresh.bundle in Resources */,
				04A16DE31D0183FE0063B508 /* btn_close_normal.png in Resources */,
				DDDEA7F21CF87E830056D76F /* Filewode4 in Resources */,
				DDDEA7F01CF87E630056D76F /* Filewode3 in Resources */,
				04A16DEE1D0183FE0063B508 /* new_feature_3-568h@2x.png in Resources */,
				04A16DE61D0183FE0063B508 /* btn_close_selected@2x.png in Resources */,
				04A16DC71D0183FE0063B508 /* MJPhotoBrowser.bundle in Resources */,
				04A16DEA1D0183FE0063B508 /* LaunchScreen.storyboard in Resources */,
				DDDEA7E81CF87D030056D76F /* File in Resources */,
				04A16DE91D0183FE0063B508 /* Info.plist in Resources */,
				DDDEA7EA1CF87D950056D76F /* File2 in Resources */,
				04A16D911D0183FE0063B508 /* Main.storyboard in Resources */,
				04A16DBB1D0183FE0063B508 /* MBProgressHUD.bundle in Resources */,
				04A16DED1D0183FE0063B508 /* new_feature_2-568h@2x.png in Resources */,
				04A16D901D0183FE0063B508 /* Assets.xcassets in Resources */,
				DDDEA7F51CF87EE10056D76F /* File_HomeController in Resources */,
				04A16DE51D0183FE0063B508 /* btn_close_selected.png in Resources */,
			);
			runOnlyForDeploymentPostprocessing = 0;
		};
		DDE5E0571CF2AF1500359021 /* Resources */ = {
			isa = PBXResourcesBuildPhase;
			buildActionMask = 2147483647;
			files = (
			);
			runOnlyForDeploymentPostprocessing = 0;
		};
		DDE5E0621CF2AF1500359021 /* Resources */ = {
			isa = PBXResourcesBuildPhase;
			buildActionMask = 2147483647;
			files = (
			);
			runOnlyForDeploymentPostprocessing = 0;
		};
/* End PBXResourcesBuildPhase section */

/* Begin PBXSourcesBuildPhase section */
		DDE5E03C1CF2AF1400359021 /* Sources */ = {
			isa = PBXSourcesBuildPhase;
			buildActionMask = 2147483647;
			files = (
				04A16DAF1D0183FE0063B508 /* UIImage+CJ.m in Sources */,
				04A16D961D0183FE0063B508 /* CJStatus.m in Sources */,
				04A16DAD1D0183FE0063B508 /* NSDate+CJ.m in Sources */,
				04A16D9F1D0183FE0063B508 /* CJTitleButton.m in Sources */,
				04A16DAC1D0183FE0063B508 /* AppDelegate.m in Sources */,
				04A16DC11D0183FE0063B508 /* MJType.m in Sources */,
				04A16DB21D0183FE0063B508 /* AFHTTPRequestOperationManager.m in Sources */,
				04A16DDD1D0183FE0063B508 /* UIImage+GIF.m in Sources */,
				04A16DCB1D0183FE0063B508 /* MJPhotoToolbar.m in Sources */,
				04A16D931D0183FE0063B508 /* CJSearchBar.m in Sources */,
				04A16D9B1D0183FE0063B508 /* CJRetweetStatusView.m in Sources */,
				04A16DE11D0183FE0063B508 /* UIImageView+WebCache.m in Sources */,
				04A16DCC1D0183FE0063B508 /* MJPhotoView.m in Sources */,
				04A16D9E1D0183FE0063B508 /* CJStatusTopView.m in Sources */,
				04A16DD81D0183FE0063B508 /* SDWebImageDownloader.m in Sources */,
				04A16D921D0183FE0063B508 /* CJDiscoverViewController.m in Sources */,
				04A16DD11D0183FE0063B508 /* MJRefreshFooterView.m in Sources */,
				04A16D941D0183FE0063B508 /* CJHomeViewController.m in Sources */,
				04A16DA91D0183FE0063B508 /* CJOAuthViewController.m in Sources */,
				04A16DBE1D0183FE0063B508 /* MJIvar.m in Sources */,
				04A16DBF1D0183FE0063B508 /* MJMember.m in Sources */,
				04A16DA21D0183FE0063B508 /* CJBadgeButton.m in Sources */,
				04A16DBC1D0183FE0063B508 /* MBProgressHUD.m in Sources */,
				04A16DDE1D0183FE0063B508 /* UIImage+MultiFormat.m in Sources */,
				04A16DA01D0183FE0063B508 /* CJNavigationController.m in Sources */,
				04A16DAA1D0183FE0063B508 /* CJAccountTool.m in Sources */,
				04A16DB31D0183FE0063B508 /* AFHTTPSessionManager.m in Sources */,
				04A16DAE1D0183FE0063B508 /* UIBarButtonItem+CJ.m in Sources */,
				04A16DB41D0183FE0063B508 /* AFNetworkReachabilityManager.m in Sources */,
				04A16DA51D0183FE0063B508 /* CJMeViewController.m in Sources */,
				04A16DD41D0183FE0063B508 /* NSData+ImageContentType.m in Sources */,
				04A16DB61D0183FE0063B508 /* AFURLConnectionOperation.m in Sources */,
				04A16DAB1D0183FE0063B508 /* CJAccount.m in Sources */,
				04A16DC61D0183FE0063B508 /* MJPhoto.m in Sources */,
				04A16DC51D0183FE0063B508 /* NSObject+MJMember.m in Sources */,
				04A16D971D0183FE0063B508 /* CJStatusFrame.m in Sources */,
				04A16DBD1D0183FE0063B508 /* MJArgument.m in Sources */,
				04A16DCF1D0183FE0063B508 /* MJRefreshBaseView.m in Sources */,
				04A16D9A1D0183FE0063B508 /* CJPhotoView.m in Sources */,
				04A16DC31D0183FE0063B508 /* NSObject+MJCoding.m in Sources */,
				04A16DE21D0183FE0063B508 /* UIView+WebCacheOperation.m in Sources */,
				04A16D981D0183FE0063B508 /* CJUser.m in Sources */,
				04A16DD21D0183FE0063B508 /* MJRefreshHeaderView.m in Sources */,
				04A16DB11D0183FE0063B508 /* AFHTTPRequestOperation.m in Sources */,
				04A16DB91D0183FE0063B508 /* AFURLSessionManager.m in Sources */,
				04A16DA71D0183FE0063B508 /* CJNewfeatureViewController.m in Sources */,
				04A16DC01D0183FE0063B508 /* MJMethod.m in Sources */,
				04A16DA11D0183FE0063B508 /* CJTabBarViewController.m in Sources */,
				04A16D9D1D0183FE0063B508 /* CJStatusToolbar.m in Sources */,
				04A16D991D0183FE0063B508 /* CJPhotosView.m in Sources */,
				04A16DB51D0183FE0063B508 /* AFSecurityPolicy.m in Sources */,
				04A16DC41D0183FE0063B508 /* NSObject+MJKeyValue.m in Sources */,
				04A16DE71D0183FE0063B508 /* DXAlertView.m in Sources */,
				04A16DDB1D0183FE0063B508 /* SDWebImagePrefetcher.m in Sources */,
				04A16DD01D0183FE0063B508 /* MJRefreshConst.m in Sources */,
				04A16DDF1D0183FE0063B508 /* UIImage+WebP.m in Sources */,
				04A16D9C1D0183FE0063B508 /* CJStatusCell.m in Sources */,
				04A16DD51D0183FE0063B508 /* SDImageCache.m in Sources */,
				04A16DB81D0183FE0063B508 /* AFURLResponseSerialization.m in Sources */,
				04A16DC91D0183FE0063B508 /* MJPhotoLoadingView.m in Sources */,
				04A16DB71D0183FE0063B508 /* AFURLRequestSerialization.m in Sources */,
				04A16DE01D0183FE0063B508 /* UIImageView+HighlightedWebCache.m in Sources */,
				04A16DA61D0183FE0063B508 /* CJMessageViewController.m in Sources */,
				04A16DA31D0183FE0063B508 /* CJTabBar.m in Sources */,
				04A16DD61D0183FE0063B508 /* SDWebImageCompat.m in Sources */,
				04A16DDA1D0183FE0063B508 /* SDWebImageManager.m in Sources */,
				04A16DD31D0183FE0063B508 /* MKAnnotationView+WebCache.m in Sources */,
				04A16DA41D0183FE0063B508 /* CJTabBarButton.m in Sources */,
				04A16DDC1D0183FE0063B508 /* UIButton+WebCache.m in Sources */,
				04A16DC21D0183FE0063B508 /* MJTypeEncoding.m in Sources */,
				04A16DEB1D0183FE0063B508 /* main.m in Sources */,
				04A16DBA1D0183FE0063B508 /* MBProgressHUD+CJ.m in Sources */,
				04A16DCD1D0183FE0063B508 /* SDWebImageManager+MJ.m in Sources */,
				04A16DD71D0183FE0063B508 /* SDWebImageDecoder.m in Sources */,
				04A16DD91D0183FE0063B508 /* SDWebImageDownloaderOperation.m in Sources */,
				04A16DE81D0183FE0063B508 /* ViewController.m in Sources */,
				04A16DB01D0183FE0063B508 /* CJWeiboTool.m in Sources */,
				04A16DC81D0183FE0063B508 /* MJPhotoBrowser.m in Sources */,
				04A16DA81D0183FE0063B508 /* CJPageControl.m in Sources */,
				04A16DCA1D0183FE0063B508 /* MJPhotoProgressView.m in Sources */,
				04A16D951D0183FE0063B508 /* CJPhoto.m in Sources */,
			);
			runOnlyForDeploymentPostprocessing = 0;
		};
		DDE5E0551CF2AF1500359021 /* Sources */ = {
			isa = PBXSourcesBuildPhase;
			buildActionMask = 2147483647;
			files = (
				DDE5E05E1CF2AF1500359021 /* CJWeiboTests.m in Sources */,
			);
			runOnlyForDeploymentPostprocessing = 0;
		};
		DDE5E0601CF2AF1500359021 /* Sources */ = {
			isa = PBXSourcesBuildPhase;
			buildActionMask = 2147483647;
			files = (
				DDE5E0691CF2AF1500359021 /* CJWeiboUITests.m in Sources */,
			);
			runOnlyForDeploymentPostprocessing = 0;
		};
/* End PBXSourcesBuildPhase section */

/* Begin PBXTargetDependency section */
		DDE5E05B1CF2AF1500359021 /* PBXTargetDependency */ = {
			isa = PBXTargetDependency;
			target = DDE5E03F1CF2AF1400359021 /* CJWeibo */;
			targetProxy = DDE5E05A1CF2AF1500359021 /* PBXContainerItemProxy */;
		};
		DDE5E0661CF2AF1500359021 /* PBXTargetDependency */ = {
			isa = PBXTargetDependency;
			target = DDE5E03F1CF2AF1400359021 /* CJWeibo */;
			targetProxy = DDE5E0651CF2AF1500359021 /* PBXContainerItemProxy */;
		};
/* End PBXTargetDependency section */

/* Begin PBXVariantGroup section */
		04A16CB21D0183FE0063B508 /* Main.storyboard */ = {
			isa = PBXVariantGroup;
			children = (
				04A16CB31D0183FE0063B508 /* Base */,
			);
			name = Main.storyboard;
			sourceTree = "<group>";
		};
/* End PBXVariantGroup section */

/* Begin XCBuildConfiguration section */
		DDE5E06B1CF2AF1500359021 /* Debug */ = {
			isa = XCBuildConfiguration;
			buildSettings = {
				ALWAYS_SEARCH_USER_PATHS = NO;
				CLANG_CXX_LANGUAGE_STANDARD = "gnu++0x";
				CLANG_CXX_LIBRARY = "libc++";
				CLANG_ENABLE_MODULES = YES;
				CLANG_ENABLE_OBJC_ARC = YES;
				CLANG_WARN_BOOL_CONVERSION = YES;
				CLANG_WARN_CONSTANT_CONVERSION = YES;
				CLANG_WARN_DIRECT_OBJC_ISA_USAGE = YES_ERROR;
				CLANG_WARN_EMPTY_BODY = YES;
				CLANG_WARN_ENUM_CONVERSION = YES;
				CLANG_WARN_INT_CONVERSION = YES;
				CLANG_WARN_OBJC_ROOT_CLASS = YES_ERROR;
				CLANG_WARN_UNREACHABLE_CODE = YES;
				CLANG_WARN__DUPLICATE_METHOD_MATCH = YES;
				"CODE_SIGN_IDENTITY[sdk=iphoneos*]" = "iPhone Developer";
				COPY_PHASE_STRIP = NO;
				DEBUG_INFORMATION_FORMAT = dwarf;
				ENABLE_STRICT_OBJC_MSGSEND = YES;
				ENABLE_TESTABILITY = YES;
				GCC_C_LANGUAGE_STANDARD = gnu99;
				GCC_DYNAMIC_NO_PIC = NO;
				GCC_NO_COMMON_BLOCKS = YES;
				GCC_OPTIMIZATION_LEVEL = 0;
				GCC_PREPROCESSOR_DEFINITIONS = (
					"DEBUG=1",
					"$(inherited)",
				);
				GCC_WARN_64_TO_32_BIT_CONVERSION = YES;
				GCC_WARN_ABOUT_RETURN_TYPE = YES_ERROR;
				GCC_WARN_UNDECLARED_SELECTOR = YES;
				GCC_WARN_UNINITIALIZED_AUTOS = YES_AGGRESSIVE;
				GCC_WARN_UNUSED_FUNCTION = YES;
				GCC_WARN_UNUSED_VARIABLE = YES;
				IPHONEOS_DEPLOYMENT_TARGET = 9.2;
				MTL_ENABLE_DEBUG_INFO = YES;
				ONLY_ACTIVE_ARCH = YES;
				SDKROOT = iphoneos;
			};
			name = Debug;
		};
		DDE5E06C1CF2AF1500359021 /* Release */ = {
			isa = XCBuildConfiguration;
			buildSettings = {
				ALWAYS_SEARCH_USER_PATHS = NO;
				CLANG_CXX_LANGUAGE_STANDARD = "gnu++0x";
				CLANG_CXX_LIBRARY = "libc++";
				CLANG_ENABLE_MODULES = YES;
				CLANG_ENABLE_OBJC_ARC = YES;
				CLANG_WARN_BOOL_CONVERSION = YES;
				CLANG_WARN_CONSTANT_CONVERSION = YES;
				CLANG_WARN_DIRECT_OBJC_ISA_USAGE = YES_ERROR;
				CLANG_WARN_EMPTY_BODY = YES;
				CLANG_WARN_ENUM_CONVERSION = YES;
				CLANG_WARN_INT_CONVERSION = YES;
				CLANG_WARN_OBJC_ROOT_CLASS = YES_ERROR;
				CLANG_WARN_UNREACHABLE_CODE = YES;
				CLANG_WARN__DUPLICATE_METHOD_MATCH = YES;
				"CODE_SIGN_IDENTITY[sdk=iphoneos*]" = "iPhone Developer";
				COPY_PHASE_STRIP = NO;
				DEBUG_INFORMATION_FORMAT = "dwarf-with-dsym";
				ENABLE_NS_ASSERTIONS = NO;
				ENABLE_STRICT_OBJC_MSGSEND = YES;
				GCC_C_LANGUAGE_STANDARD = gnu99;
				GCC_NO_COMMON_BLOCKS = YES;
				GCC_WARN_64_TO_32_BIT_CONVERSION = YES;
				GCC_WARN_ABOUT_RETURN_TYPE = YES_ERROR;
				GCC_WARN_UNDECLARED_SELECTOR = YES;
				GCC_WARN_UNINITIALIZED_AUTOS = YES_AGGRESSIVE;
				GCC_WARN_UNUSED_FUNCTION = YES;
				GCC_WARN_UNUSED_VARIABLE = YES;
				IPHONEOS_DEPLOYMENT_TARGET = 9.2;
				MTL_ENABLE_DEBUG_INFO = NO;
				SDKROOT = iphoneos;
				VALIDATE_PRODUCT = YES;
			};
			name = Release;
		};
		DDE5E06E1CF2AF1500359021 /* Debug */ = {
			isa = XCBuildConfiguration;
			buildSettings = {
				ASSETCATALOG_COMPILER_APPICON_NAME = AppIcon;
				ASSETCATALOG_COMPILER_LAUNCHIMAGE_NAME = LaunchImage;
				CODE_SIGN_IDENTITY = "iPhone Developer";
				GCC_PREFIX_HEADER = "$(SRCROOT)/CJWeibo/PrefixHeader.pch";
				INFOPLIST_FILE = CJWeibo/Info.plist;
				LD_RUNPATH_SEARCH_PATHS = "$(inherited) @executable_path/Frameworks";
				PRODUCT_BUNDLE_IDENTIFIER = cn.ChenJun.CJWeibo;
				PRODUCT_NAME = "$(TARGET_NAME)";
			};
			name = Debug;
		};
		DDE5E06F1CF2AF1500359021 /* Release */ = {
			isa = XCBuildConfiguration;
			buildSettings = {
				ASSETCATALOG_COMPILER_APPICON_NAME = AppIcon;
				ASSETCATALOG_COMPILER_LAUNCHIMAGE_NAME = LaunchImage;
				CODE_SIGN_IDENTITY = "iPhone Developer";
				GCC_PREFIX_HEADER = "$(SRCROOT)/CJWeibo/PrefixHeader.pch";
				INFOPLIST_FILE = CJWeibo/Info.plist;
				LD_RUNPATH_SEARCH_PATHS = "$(inherited) @executable_path/Frameworks";
				PRODUCT_BUNDLE_IDENTIFIER = cn.ChenJun.CJWeibo;
				PRODUCT_NAME = "$(TARGET_NAME)";
			};
			name = Release;
		};
		DDE5E0711CF2AF1500359021 /* Debug */ = {
			isa = XCBuildConfiguration;
			buildSettings = {
				BUNDLE_LOADER = "$(TEST_HOST)";
				INFOPLIST_FILE = CJWeiboTests/Info.plist;
				LD_RUNPATH_SEARCH_PATHS = "$(inherited) @executable_path/Frameworks @loader_path/Frameworks";
				PRODUCT_BUNDLE_IDENTIFIER = cn.ChenJun.CJWeiboTests;
				PRODUCT_NAME = "$(TARGET_NAME)";
				TEST_HOST = "$(BUILT_PRODUCTS_DIR)/CJWeibo.app/CJWeibo";
			};
			name = Debug;
		};
		DDE5E0721CF2AF1500359021 /* Release */ = {
			isa = XCBuildConfiguration;
			buildSettings = {
				BUNDLE_LOADER = "$(TEST_HOST)";
				INFOPLIST_FILE = CJWeiboTests/Info.plist;
				LD_RUNPATH_SEARCH_PATHS = "$(inherited) @executable_path/Frameworks @loader_path/Frameworks";
				PRODUCT_BUNDLE_IDENTIFIER = cn.ChenJun.CJWeiboTests;
				PRODUCT_NAME = "$(TARGET_NAME)";
				TEST_HOST = "$(BUILT_PRODUCTS_DIR)/CJWeibo.app/CJWeibo";
			};
			name = Release;
		};
		DDE5E0741CF2AF1500359021 /* Debug */ = {
			isa = XCBuildConfiguration;
			buildSettings = {
				INFOPLIST_FILE = CJWeiboUITests/Info.plist;
				LD_RUNPATH_SEARCH_PATHS = "$(inherited) @executable_path/Frameworks @loader_path/Frameworks";
				PRODUCT_BUNDLE_IDENTIFIER = cn.ChenJun.CJWeiboUITests;
				PRODUCT_NAME = "$(TARGET_NAME)";
				TEST_TARGET_NAME = CJWeibo;
				USES_XCTRUNNER = YES;
			};
			name = Debug;
		};
		DDE5E0751CF2AF1500359021 /* Release */ = {
			isa = XCBuildConfiguration;
			buildSettings = {
				INFOPLIST_FILE = CJWeiboUITests/Info.plist;
				LD_RUNPATH_SEARCH_PATHS = "$(inherited) @executable_path/Frameworks @loader_path/Frameworks";
				PRODUCT_BUNDLE_IDENTIFIER = cn.ChenJun.CJWeiboUITests;
				PRODUCT_NAME = "$(TARGET_NAME)";
				TEST_TARGET_NAME = CJWeibo;
				USES_XCTRUNNER = YES;
			};
			name = Release;
		};
/* End XCBuildConfiguration section */

/* Begin XCConfigurationList section */
		DDE5E03B1CF2AF1400359021 /* Build configuration list for PBXProject "CJWeibo" */ = {
			isa = XCConfigurationList;
			buildConfigurations = (
				DDE5E06B1CF2AF1500359021 /* Debug */,
				DDE5E06C1CF2AF1500359021 /* Release */,
			);
			defaultConfigurationIsVisible = 0;
			defaultConfigurationName = Release;
		};
		DDE5E06D1CF2AF1500359021 /* Build configuration list for PBXNativeTarget "CJWeibo" */ = {
			isa = XCConfigurationList;
			buildConfigurations = (
				DDE5E06E1CF2AF1500359021 /* Debug */,
				DDE5E06F1CF2AF1500359021 /* Release */,
			);
			defaultConfigurationIsVisible = 0;
			defaultConfigurationName = Release;
		};
		DDE5E0701CF2AF1500359021 /* Build configuration list for PBXNativeTarget "CJWeiboTests" */ = {
			isa = XCConfigurationList;
			buildConfigurations = (
				DDE5E0711CF2AF1500359021 /* Debug */,
				DDE5E0721CF2AF1500359021 /* Release */,
			);
			defaultConfigurationIsVisible = 0;
			defaultConfigurationName = Release;
		};
		DDE5E0731CF2AF1500359021 /* Build configuration list for PBXNativeTarget "CJWeiboUITests" */ = {
			isa = XCConfigurationList;
			buildConfigurations = (
				DDE5E0741CF2AF1500359021 /* Debug */,
				DDE5E0751CF2AF1500359021 /* Release */,
			);
			defaultConfigurationIsVisible = 0;
			defaultConfigurationName = Release;
		};
/* End XCConfigurationList section */
	};
	rootObject = DDE5E0381CF2AF1400359021 /* Project object */;
}
